// !$*UTF8*$!
{
	archiveVersion = 1;
	classes = {
	};
	objectVersion = 46;
	objects = {

/* Begin PBXBuildFile section */
		01B205491E306E2B005F9C39 /* main.m in Sources */ = {isa = PBXBuildFile; fileRef = 01B205481E306E2B005F9C39 /* main.m */; };
		01B2054C1E306E2B005F9C39 /* AppDelegate.m in Sources */ = {isa = PBXBuildFile; fileRef = 01B2054B1E306E2B005F9C39 /* AppDelegate.m */; };
		01B205521E306E2B005F9C39 /* Main.storyboard in Resources */ = {isa = PBXBuildFile; fileRef = 01B205501E306E2B005F9C39 /* Main.storyboard */; };
		01B205541E306E2B005F9C39 /* Assets.xcassets in Resources */ = {isa = PBXBuildFile; fileRef = 01B205531E306E2B005F9C39 /* Assets.xcassets */; };
		01B205571E306E2B005F9C39 /* LaunchScreen.storyboard in Resources */ = {isa = PBXBuildFile; fileRef = 01B205551E306E2B005F9C39 /* LaunchScreen.storyboard */; };
		01B205621E306E2B005F9C39 /* CoreTextTestTests.m in Sources */ = {isa = PBXBuildFile; fileRef = 01B205611E306E2B005F9C39 /* CoreTextTestTests.m */; };
		01B2056D1E306E2B005F9C39 /* CoreTextTestUITests.m in Sources */ = {isa = PBXBuildFile; fileRef = 01B2056C1E306E2B005F9C39 /* CoreTextTestUITests.m */; };
		521BDBF91E4D5E82002FC20F /* ExtentionUikit.swift in Sources */ = {isa = PBXBuildFile; fileRef = 521BDBF81E4D5E82002FC20F /* ExtentionUikit.swift */; };
		52219F071E48DB5B002C0BF6 /* TextKitVC2.swift in Sources */ = {isa = PBXBuildFile; fileRef = 52219F061E48DB5B002C0BF6 /* TextKitVC2.swift */; };
		52219F091E48DBF4002C0BF6 /* TextKitVC2Label.swift in Sources */ = {isa = PBXBuildFile; fileRef = 52219F081E48DBF4002C0BF6 /* TextKitVC2Label.swift */; };
		522E76861E56065A00B1D55F /* JXTSlideClipLabel.m in Sources */ = {isa = PBXBuildFile; fileRef = 522E76831E56065A00B1D55F /* JXTSlideClipLabel.m */; };
		522E76871E56065A00B1D55F /* ParallaxView.m in Sources */ = {isa = PBXBuildFile; fileRef = 522E76851E56065A00B1D55F /* ParallaxView.m */; };
		522E768A1E56067300B1D55F /* TwoStyleTextVC.m in Sources */ = {isa = PBXBuildFile; fileRef = 522E76891E56067300B1D55F /* TwoStyleTextVC.m */; };
		522E768D1E5607BA00B1D55F /* ParallaxViewController.m in Sources */ = {isa = PBXBuildFile; fileRef = 522E768C1E5607BA00B1D55F /* ParallaxViewController.m */; };
		522E76901E56080300B1D55F /* background.jpg in Resources */ = {isa = PBXBuildFile; fileRef = 522E768E1E56080300B1D55F /* background.jpg */; };
		522E76911E56080300B1D55F /* star.jpeg in Resources */ = {isa = PBXBuildFile; fileRef = 522E768F1E56080300B1D55F /* star.jpeg */; };
		522E76961E560CC100B1D55F /* GradientTextVC.m in Sources */ = {isa = PBXBuildFile; fileRef = 522E76931E560CC100B1D55F /* GradientTextVC.m */; };
		522E76971E560CC100B1D55F /* CFGradientLabel.m in Sources */ = {isa = PBXBuildFile; fileRef = 522E76951E560CC100B1D55F /* CFGradientLabel.m */; };
		523C818A1E4C457100D02F3B /* TKSLayoutViewController.swift in Sources */ = {isa = PBXBuildFile; fileRef = 523C81871E4C457100D02F3B /* TKSLayoutViewController.swift */; };
		523C818B1E4C457100D02F3B /* TKSLinkDetectingTextStorage.swift in Sources */ = {isa = PBXBuildFile; fileRef = 523C81881E4C457100D02F3B /* TKSLinkDetectingTextStorage.swift */; };
		523C818C1E4C457100D02F3B /* TKSOutliningLayoutManager.swift in Sources */ = {isa = PBXBuildFile; fileRef = 523C81891E4C457100D02F3B /* TKSOutliningLayoutManager.swift */; };
		523C818E1E4C46BE00D02F3B /* TextKitVC3.swift in Sources */ = {isa = PBXBuildFile; fileRef = 523C818D1E4C46BE00D02F3B /* TextKitVC3.swift */; };
		523C81931E4C4C6500D02F3B /* layout.txt in Resources */ = {isa = PBXBuildFile; fileRef = 523C81921E4C4C6500D02F3B /* layout.txt */; };
		523C81961E4C4E0300D02F3B /* TextEffetcLabel.swift in Sources */ = {isa = PBXBuildFile; fileRef = 523C81951E4C4E0300D02F3B /* TextEffetcLabel.swift */; };
		523C81981E4C4E2C00D02F3B /* TextEffetcVC.swift in Sources */ = {isa = PBXBuildFile; fileRef = 523C81971E4C4E2C00D02F3B /* TextEffetcVC.swift */; };
		5240F9A01E50D04A00AF2F00 /* TextLayerLabelVC.swift in Sources */ = {isa = PBXBuildFile; fileRef = 5240F99F1E50D04A00AF2F00 /* TextLayerLabelVC.swift */; };
		5240F9A51E50D06A00AF2F00 /* AUIAnimatableLabel.m in Sources */ = {isa = PBXBuildFile; fileRef = 5240F9A21E50D06A00AF2F00 /* AUIAnimatableLabel.m */; };
		5240F9A61E50D06A00AF2F00 /* UIFont+CoreTextExtensions.m in Sources */ = {isa = PBXBuildFile; fileRef = 5240F9A41E50D06A00AF2F00 /* UIFont+CoreTextExtensions.m */; };
		5240F9A91E50D10600AF2F00 /* RootViewController.m in Sources */ = {isa = PBXBuildFile; fileRef = 5240F9A81E50D10600AF2F00 /* RootViewController.m */; };
		5240F9AB1E50D1BE00AF2F00 /* RootViewController.xib in Resources */ = {isa = PBXBuildFile; fileRef = 5240F9AA1E50D1BE00AF2F00 /* RootViewController.xib */; };
		5240F9AE1E50D25000AF2F00 /* UINavigationBar+Awesome.m in Sources */ = {isa = PBXBuildFile; fileRef = 5240F9AD1E50D25000AF2F00 /* UINavigationBar+Awesome.m */; };
		5240F9BB1E5285A400AF2F00 /* FontDrawPathView.swift in Sources */ = {isa = PBXBuildFile; fileRef = 5240F9BA1E5285A300AF2F00 /* FontDrawPathView.swift */; };
		524713601E55A152001362CC /* OtherList1.m in Sources */ = {isa = PBXBuildFile; fileRef = 5247135F1E55A152001362CC /* OtherList1.m */; };
		524713631E55A17E001362CC /* PerspectiveTextView.m in Sources */ = {isa = PBXBuildFile; fileRef = 524713621E55A17E001362CC /* PerspectiveTextView.m */; };
		5247136B1E55BA3F001362CC /* OtherList1Detail.m in Sources */ = {isa = PBXBuildFile; fileRef = 5247136A1E55BA3F001362CC /* OtherList1Detail.m */; };
		5247136E1E55BA84001362CC /* RSMaskedLabel.m in Sources */ = {isa = PBXBuildFile; fileRef = 5247136D1E55BA84001362CC /* RSMaskedLabel.m */; settings = {COMPILER_FLAGS = "-fno-objc-arc"; }; };
		52494E7B1E48A483001738DB /* bslr.ttf in Resources */ = {isa = PBXBuildFile; fileRef = 52494E7A1E48A483001738DB /* bslr.ttf */; };
		52494E7E1E48ABFD001738DB /* UIFont+Generator.m in Sources */ = {isa = PBXBuildFile; fileRef = 52494E7D1E48ABFD001738DB /* UIFont+Generator.m */; };
		52494E801E48B761001738DB /* kabuqinuo.otf in Resources */ = {isa = PBXBuildFile; fileRef = 52494E7F1E48B761001738DB /* kabuqinuo.otf */; };
		5256790E1E307680002ACB1E /* RootTVC.m in Sources */ = {isa = PBXBuildFile; fileRef = 5256790D1E307680002ACB1E /* RootTVC.m */; };
		525679111E3078DD002ACB1E /* List1.swift in Sources */ = {isa = PBXBuildFile; fileRef = 525679101E3078DD002ACB1E /* List1.swift */; };
		5277E7D21E33B5E2006ACB94 /* List1DVC.m in Sources */ = {isa = PBXBuildFile; fileRef = 5277E7D11E33B5E2006ACB94 /* List1DVC.m */; };
		5277E7D41E33B7EA006ACB94 /* CTTextView1.swift in Sources */ = {isa = PBXBuildFile; fileRef = 5277E7D31E33B7EA006ACB94 /* CTTextView1.swift */; };
		5277E7D81E34988A006ACB94 /* hs.jpg in Resources */ = {isa = PBXBuildFile; fileRef = 5277E7D61E34988A006ACB94 /* hs.jpg */; };
		5277E7D91E34988A006ACB94 /* mc.jpg in Resources */ = {isa = PBXBuildFile; fileRef = 5277E7D71E34988A006ACB94 /* mc.jpg */; };
		5277E7DB1E35BDA1006ACB94 /* CTTextView2.swift in Sources */ = {isa = PBXBuildFile; fileRef = 5277E7DA1E35BDA1006ACB94 /* CTTextView2.swift */; };
		5277E7DD1E35BDD6006ACB94 /* List1DVC2.swift in Sources */ = {isa = PBXBuildFile; fileRef = 5277E7DC1E35BDD6006ACB94 /* List1DVC2.swift */; };
		5277E7E11E35DF68006ACB94 /* CTTextView3.swift in Sources */ = {isa = PBXBuildFile; fileRef = 5277E7E01E35DF68006ACB94 /* CTTextView3.swift */; };
		5277E7E31E370416006ACB94 /* List2.swift in Sources */ = {isa = PBXBuildFile; fileRef = 5277E7E21E370416006ACB94 /* List2.swift */; };
		5277E7E61E3704C5006ACB94 /* ListVC2TestView.swift in Sources */ = {isa = PBXBuildFile; fileRef = 5277E7E51E3704C5006ACB94 /* ListVC2TestView.swift */; };
		5277E7EC1E3866FF006ACB94 /* List3.m in Sources */ = {isa = PBXBuildFile; fileRef = 5277E7EB1E3866FF006ACB94 /* List3.m */; };
		5277E7EF1E38671C006ACB94 /* List3TextView.m in Sources */ = {isa = PBXBuildFile; fileRef = 5277E7EE1E38671C006ACB94 /* List3TextView.m */; };
		52CE02781E4848AE002F54A2 /* TextKitVC1.swift in Sources */ = {isa = PBXBuildFile; fileRef = 52CE02771E4848AE002F54A2 /* TextKitVC1.swift */; };
		52CE027B1E4849CC002F54A2 /* Starjedi.ttf in Resources */ = {isa = PBXBuildFile; fileRef = 52CE02791E4849CC002F54A2 /* Starjedi.ttf */; };
		52CE027C1E4849CC002F54A2 /* stars in Resources */ = {isa = PBXBuildFile; fileRef = 52CE027A1E4849CC002F54A2 /* stars */; };
		52F9C91E1E4F1CD600C44F24 /* TELayerAniamtion.swift in Sources */ = {isa = PBXBuildFile; fileRef = 52F9C91D1E4F1CD600C44F24 /* TELayerAniamtion.swift */; };
		52FC99111E530BE900020E54 /* ListVC4.swift in Sources */ = {isa = PBXBuildFile; fileRef = 52FC990F1E530BE900020E54 /* ListVC4.swift */; };
		52FC99121E530BE900020E54 /* ListVC4.xib in Resources */ = {isa = PBXBuildFile; fileRef = 52FC99101E530BE900020E54 /* ListVC4.xib */; };
		52FC99141E53FF3D00020E54 /* NotoEmoji-Regular.ttf in Resources */ = {isa = PBXBuildFile; fileRef = 52FC99131E53FF3D00020E54 /* NotoEmoji-Regular.ttf */; };
		52FC99161E54006500020E54 /* NotoMono-Regular.ttf in Resources */ = {isa = PBXBuildFile; fileRef = 52FC99151E54006500020E54 /* NotoMono-Regular.ttf */; };
		5579F1A2D23A940571C6C086 /* Pods_CoreTextTest.framework in Frameworks */ = {isa = PBXBuildFile; fileRef = 94ACB93A59EF1CC97746545D /* Pods_CoreTextTest.framework */; };
		64157E9927E1C62E128764AF /* Pods_CoreTextTestTests.framework in Frameworks */ = {isa = PBXBuildFile; fileRef = 60F9E45604C44AE83B535391 /* Pods_CoreTextTestTests.framework */; };
		8607ABD4DDE29F4B69774400 /* Pods_CoreTextTestUITests.framework in Frameworks */ = {isa = PBXBuildFile; fileRef = 4C3C35126A49B61296E672BE /* Pods_CoreTextTestUITests.framework */; };
/* End PBXBuildFile section */

/* Begin PBXContainerItemProxy section */
		01B2055E1E306E2B005F9C39 /* PBXContainerItemProxy */ = {
			isa = PBXContainerItemProxy;
			containerPortal = 01B2053C1E306E2B005F9C39 /* Project object */;
			proxyType = 1;
			remoteGlobalIDString = 01B205431E306E2B005F9C39;
			remoteInfo = CoreTextTest;
		};
		01B205691E306E2B005F9C39 /* PBXContainerItemProxy */ = {
			isa = PBXContainerItemProxy;
			containerPortal = 01B2053C1E306E2B005F9C39 /* Project object */;
			proxyType = 1;
			remoteGlobalIDString = 01B205431E306E2B005F9C39;
			remoteInfo = CoreTextTest;
		};
/* End PBXContainerItemProxy section */

/* Begin PBXFileReference section */
		01B205441E306E2B005F9C39 /* CoreTextTest.app */ = {isa = PBXFileReference; explicitFileType = wrapper.application; includeInIndex = 0; path = CoreTextTest.app; sourceTree = BUILT_PRODUCTS_DIR; };
		01B205481E306E2B005F9C39 /* main.m */ = {isa = PBXFileReference; lastKnownFileType = sourcecode.c.objc; path = main.m; sourceTree = "<group>"; };
		01B2054A1E306E2B005F9C39 /* AppDelegate.h */ = {isa = PBXFileReference; lastKnownFileType = sourcecode.c.h; path = AppDelegate.h; sourceTree = "<group>"; };
		01B2054B1E306E2B005F9C39 /* AppDelegate.m */ = {isa = PBXFileReference; lastKnownFileType = sourcecode.c.objc; path = AppDelegate.m; sourceTree = "<group>"; };
		01B205511E306E2B005F9C39 /* Base */ = {isa = PBXFileReference; lastKnownFileType = file.storyboard; name = Base; path = Base.lproj/Main.storyboard; sourceTree = "<group>"; };
		01B205531E306E2B005F9C39 /* Assets.xcassets */ = {isa = PBXFileReference; lastKnownFileType = folder.assetcatalog; path = Assets.xcassets; sourceTree = "<group>"; };
		01B205561E306E2B005F9C39 /* Base */ = {isa = PBXFileReference; lastKnownFileType = file.storyboard; name = Base; path = Base.lproj/LaunchScreen.storyboard; sourceTree = "<group>"; };
		01B205581E306E2B005F9C39 /* Info.plist */ = {isa = PBXFileReference; lastKnownFileType = text.plist.xml; path = Info.plist; sourceTree = "<group>"; };
		01B2055D1E306E2B005F9C39 /* CoreTextTestTests.xctest */ = {isa = PBXFileReference; explicitFileType = wrapper.cfbundle; includeInIndex = 0; path = CoreTextTestTests.xctest; sourceTree = BUILT_PRODUCTS_DIR; };
		01B205611E306E2B005F9C39 /* CoreTextTestTests.m */ = {isa = PBXFileReference; lastKnownFileType = sourcecode.c.objc; path = CoreTextTestTests.m; sourceTree = "<group>"; };
		01B205631E306E2B005F9C39 /* Info.plist */ = {isa = PBXFileReference; lastKnownFileType = text.plist.xml; path = Info.plist; sourceTree = "<group>"; };
		01B205681E306E2B005F9C39 /* CoreTextTestUITests.xctest */ = {isa = PBXFileReference; explicitFileType = wrapper.cfbundle; includeInIndex = 0; path = CoreTextTestUITests.xctest; sourceTree = BUILT_PRODUCTS_DIR; };
		01B2056C1E306E2B005F9C39 /* CoreTextTestUITests.m */ = {isa = PBXFileReference; lastKnownFileType = sourcecode.c.objc; path = CoreTextTestUITests.m; sourceTree = "<group>"; };
		01B2056E1E306E2B005F9C39 /* Info.plist */ = {isa = PBXFileReference; lastKnownFileType = text.plist.xml; path = Info.plist; sourceTree = "<group>"; };
		4C3C35126A49B61296E672BE /* Pods_CoreTextTestUITests.framework */ = {isa = PBXFileReference; explicitFileType = wrapper.framework; includeInIndex = 0; path = Pods_CoreTextTestUITests.framework; sourceTree = BUILT_PRODUCTS_DIR; };
		521BDBF81E4D5E82002FC20F /* ExtentionUikit.swift */ = {isa = PBXFileReference; fileEncoding = 4; lastKnownFileType = sourcecode.swift; path = ExtentionUikit.swift; sourceTree = "<group>"; };
		52219F061E48DB5B002C0BF6 /* TextKitVC2.swift */ = {isa = PBXFileReference; fileEncoding = 4; lastKnownFileType = sourcecode.swift; path = TextKitVC2.swift; sourceTree = "<group>"; };
		52219F081E48DBF4002C0BF6 /* TextKitVC2Label.swift */ = {isa = PBXFileReference; fileEncoding = 4; lastKnownFileType = sourcecode.swift; path = TextKitVC2Label.swift; sourceTree = "<group>"; };
		522E76821E56065A00B1D55F /* JXTSlideClipLabel.h */ = {isa = PBXFileReference; fileEncoding = 4; lastKnownFileType = sourcecode.c.h; path = JXTSlideClipLabel.h; sourceTree = "<group>"; };
		522E76831E56065A00B1D55F /* JXTSlideClipLabel.m */ = {isa = PBXFileReference; fileEncoding = 4; lastKnownFileType = sourcecode.c.objc; path = JXTSlideClipLabel.m; sourceTree = "<group>"; };
		522E76841E56065A00B1D55F /* ParallaxView.h */ = {isa = PBXFileReference; fileEncoding = 4; lastKnownFileType = sourcecode.c.h; path = ParallaxView.h; sourceTree = "<group>"; };
		522E76851E56065A00B1D55F /* ParallaxView.m */ = {isa = PBXFileReference; fileEncoding = 4; lastKnownFileType = sourcecode.c.objc; path = ParallaxView.m; sourceTree = "<group>"; };
		522E76881E56067300B1D55F /* TwoStyleTextVC.h */ = {isa = PBXFileReference; fileEncoding = 4; lastKnownFileType = sourcecode.c.h; path = TwoStyleTextVC.h; sourceTree = "<group>"; };
		522E76891E56067300B1D55F /* TwoStyleTextVC.m */ = {isa = PBXFileReference; fileEncoding = 4; lastKnownFileType = sourcecode.c.objc; path = TwoStyleTextVC.m; sourceTree = "<group>"; };
		522E768B1E5607BA00B1D55F /* ParallaxViewController.h */ = {isa = PBXFileReference; fileEncoding = 4; lastKnownFileType = sourcecode.c.h; path = ParallaxViewController.h; sourceTree = "<group>"; };
		522E768C1E5607BA00B1D55F /* ParallaxViewController.m */ = {isa = PBXFileReference; fileEncoding = 4; lastKnownFileType = sourcecode.c.objc; path = ParallaxViewController.m; sourceTree = "<group>"; };
		522E768E1E56080300B1D55F /* background.jpg */ = {isa = PBXFileReference; lastKnownFileType = image.jpeg; path = background.jpg; sourceTree = "<group>"; };
		522E768F1E56080300B1D55F /* star.jpeg */ = {isa = PBXFileReference; lastKnownFileType = image.jpeg; path = star.jpeg; sourceTree = "<group>"; };
		522E76921E560CC100B1D55F /* GradientTextVC.h */ = {isa = PBXFileReference; fileEncoding = 4; lastKnownFileType = sourcecode.c.h; path = GradientTextVC.h; sourceTree = "<group>"; };
		522E76931E560CC100B1D55F /* GradientTextVC.m */ = {isa = PBXFileReference; fileEncoding = 4; lastKnownFileType = sourcecode.c.objc; path = GradientTextVC.m; sourceTree = "<group>"; };
		522E76941E560CC100B1D55F /* CFGradientLabel.h */ = {isa = PBXFileReference; fileEncoding = 4; lastKnownFileType = sourcecode.c.h; path = CFGradientLabel.h; sourceTree = "<group>"; };
		522E76951E560CC100B1D55F /* CFGradientLabel.m */ = {isa = PBXFileReference; fileEncoding = 4; lastKnownFileType = sourcecode.c.objc; path = CFGradientLabel.m; sourceTree = "<group>"; };
		523C81871E4C457100D02F3B /* TKSLayoutViewController.swift */ = {isa = PBXFileReference; fileEncoding = 4; lastKnownFileType = sourcecode.swift; path = TKSLayoutViewController.swift; sourceTree = "<group>"; };
		523C81881E4C457100D02F3B /* TKSLinkDetectingTextStorage.swift */ = {isa = PBXFileReference; fileEncoding = 4; lastKnownFileType = sourcecode.swift; path = TKSLinkDetectingTextStorage.swift; sourceTree = "<group>"; };
		523C81891E4C457100D02F3B /* TKSOutliningLayoutManager.swift */ = {isa = PBXFileReference; fileEncoding = 4; lastKnownFileType = sourcecode.swift; path = TKSOutliningLayoutManager.swift; sourceTree = "<group>"; };
		523C818D1E4C46BE00D02F3B /* TextKitVC3.swift */ = {isa = PBXFileReference; fileEncoding = 4; lastKnownFileType = sourcecode.swift; path = TextKitVC3.swift; sourceTree = "<group>"; };
		523C81921E4C4C6500D02F3B /* layout.txt */ = {isa = PBXFileReference; fileEncoding = 4; lastKnownFileType = text; path = layout.txt; sourceTree = "<group>"; };
		523C81951E4C4E0300D02F3B /* TextEffetcLabel.swift */ = {isa = PBXFileReference; fileEncoding = 4; lastKnownFileType = sourcecode.swift; path = TextEffetcLabel.swift; sourceTree = "<group>"; };
		523C81971E4C4E2C00D02F3B /* TextEffetcVC.swift */ = {isa = PBXFileReference; fileEncoding = 4; lastKnownFileType = sourcecode.swift; path = TextEffetcVC.swift; sourceTree = "<group>"; };
		5240F99F1E50D04A00AF2F00 /* TextLayerLabelVC.swift */ = {isa = PBXFileReference; fileEncoding = 4; lastKnownFileType = sourcecode.swift; path = TextLayerLabelVC.swift; sourceTree = "<group>"; };
		5240F9A11E50D06A00AF2F00 /* AUIAnimatableLabel.h */ = {isa = PBXFileReference; fileEncoding = 4; lastKnownFileType = sourcecode.c.h; path = AUIAnimatableLabel.h; sourceTree = "<group>"; };
		5240F9A21E50D06A00AF2F00 /* AUIAnimatableLabel.m */ = {isa = PBXFileReference; fileEncoding = 4; lastKnownFileType = sourcecode.c.objc; path = AUIAnimatableLabel.m; sourceTree = "<group>"; };
		5240F9A31E50D06A00AF2F00 /* UIFont+CoreTextExtensions.h */ = {isa = PBXFileReference; fileEncoding = 4; lastKnownFileType = sourcecode.c.h; path = "UIFont+CoreTextExtensions.h"; sourceTree = "<group>"; };
		5240F9A41E50D06A00AF2F00 /* UIFont+CoreTextExtensions.m */ = {isa = PBXFileReference; fileEncoding = 4; lastKnownFileType = sourcecode.c.objc; path = "UIFont+CoreTextExtensions.m"; sourceTree = "<group>"; };
		5240F9A71E50D10600AF2F00 /* RootViewController.h */ = {isa = PBXFileReference; fileEncoding = 4; lastKnownFileType = sourcecode.c.h; path = RootViewController.h; sourceTree = "<group>"; };
		5240F9A81E50D10600AF2F00 /* RootViewController.m */ = {isa = PBXFileReference; fileEncoding = 4; lastKnownFileType = sourcecode.c.objc; path = RootViewController.m; sourceTree = "<group>"; };
		5240F9AA1E50D1BE00AF2F00 /* RootViewController.xib */ = {isa = PBXFileReference; fileEncoding = 4; lastKnownFileType = file.xib; path = RootViewController.xib; sourceTree = "<group>"; };
		5240F9AC1E50D25000AF2F00 /* UINavigationBar+Awesome.h */ = {isa = PBXFileReference; fileEncoding = 4; lastKnownFileType = sourcecode.c.h; path = "UINavigationBar+Awesome.h"; sourceTree = "<group>"; };
		5240F9AD1E50D25000AF2F00 /* UINavigationBar+Awesome.m */ = {isa = PBXFileReference; fileEncoding = 4; lastKnownFileType = sourcecode.c.objc; path = "UINavigationBar+Awesome.m"; sourceTree = "<group>"; };
		5240F9BA1E5285A300AF2F00 /* FontDrawPathView.swift */ = {isa = PBXFileReference; fileEncoding = 4; lastKnownFileType = sourcecode.swift; path = FontDrawPathView.swift; sourceTree = "<group>"; };
		5247135E1E55A152001362CC /* OtherList1.h */ = {isa = PBXFileReference; fileEncoding = 4; lastKnownFileType = sourcecode.c.h; path = OtherList1.h; sourceTree = "<group>"; };
		5247135F1E55A152001362CC /* OtherList1.m */ = {isa = PBXFileReference; fileEncoding = 4; lastKnownFileType = sourcecode.c.objc; path = OtherList1.m; sourceTree = "<group>"; };
		524713611E55A17E001362CC /* PerspectiveTextView.h */ = {isa = PBXFileReference; fileEncoding = 4; lastKnownFileType = sourcecode.c.h; path = PerspectiveTextView.h; sourceTree = "<group>"; };
		524713621E55A17E001362CC /* PerspectiveTextView.m */ = {isa = PBXFileReference; fileEncoding = 4; lastKnownFileType = sourcecode.c.objc; path = PerspectiveTextView.m; sourceTree = "<group>"; };
		524713691E55BA3F001362CC /* OtherList1Detail.h */ = {isa = PBXFileReference; fileEncoding = 4; lastKnownFileType = sourcecode.c.h; path = OtherList1Detail.h; sourceTree = "<group>"; };
		5247136A1E55BA3F001362CC /* OtherList1Detail.m */ = {isa = PBXFileReference; fileEncoding = 4; lastKnownFileType = sourcecode.c.objc; path = OtherList1Detail.m; sourceTree = "<group>"; };
		5247136C1E55BA84001362CC /* RSMaskedLabel.h */ = {isa = PBXFileReference; fileEncoding = 4; lastKnownFileType = sourcecode.c.h; path = RSMaskedLabel.h; sourceTree = "<group>"; };
		5247136D1E55BA84001362CC /* RSMaskedLabel.m */ = {isa = PBXFileReference; fileEncoding = 4; lastKnownFileType = sourcecode.c.objc; path = RSMaskedLabel.m; sourceTree = "<group>"; };
		52494E7A1E48A483001738DB /* bslr.ttf */ = {isa = PBXFileReference; fileEncoding = 4; lastKnownFileType = text; path = bslr.ttf; sourceTree = "<group>"; };
		52494E7C1E48ABFD001738DB /* UIFont+Generator.h */ = {isa = PBXFileReference; fileEncoding = 4; lastKnownFileType = sourcecode.c.h; path = "UIFont+Generator.h"; sourceTree = "<group>"; };
		52494E7D1E48ABFD001738DB /* UIFont+Generator.m */ = {isa = PBXFileReference; fileEncoding = 4; lastKnownFileType = sourcecode.c.objc; path = "UIFont+Generator.m"; sourceTree = "<group>"; };
		52494E7F1E48B761001738DB /* kabuqinuo.otf */ = {isa = PBXFileReference; lastKnownFileType = file; path = kabuqinuo.otf; sourceTree = "<group>"; };
		5256790C1E307680002ACB1E /* RootTVC.h */ = {isa = PBXFileReference; fileEncoding = 4; lastKnownFileType = sourcecode.c.h; path = RootTVC.h; sourceTree = "<group>"; };
		5256790D1E307680002ACB1E /* RootTVC.m */ = {isa = PBXFileReference; fileEncoding = 4; lastKnownFileType = sourcecode.c.objc; path = RootTVC.m; sourceTree = "<group>"; };
		5256790F1E3078DD002ACB1E /* CoreTextTest-Bridging-Header.h */ = {isa = PBXFileReference; lastKnownFileType = sourcecode.c.h; path = "CoreTextTest-Bridging-Header.h"; sourceTree = "<group>"; };
		525679101E3078DD002ACB1E /* List1.swift */ = {isa = PBXFileReference; fileEncoding = 4; lastKnownFileType = sourcecode.swift; path = List1.swift; sourceTree = "<group>"; };
		5277E7D01E33B5E2006ACB94 /* List1DVC.h */ = {isa = PBXFileReference; fileEncoding = 4; lastKnownFileType = sourcecode.c.h; path = List1DVC.h; sourceTree = "<group>"; };
		5277E7D11E33B5E2006ACB94 /* List1DVC.m */ = {isa = PBXFileReference; fileEncoding = 4; lastKnownFileType = sourcecode.c.objc; path = List1DVC.m; sourceTree = "<group>"; };
		5277E7D31E33B7EA006ACB94 /* CTTextView1.swift */ = {isa = PBXFileReference; fileEncoding = 4; lastKnownFileType = sourcecode.swift; path = CTTextView1.swift; sourceTree = "<group>"; };
		5277E7D51E346778006ACB94 /* PrefixHeader.pch */ = {isa = PBXFileReference; lastKnownFileType = sourcecode.c.h; path = PrefixHeader.pch; sourceTree = "<group>"; };
		5277E7D61E34988A006ACB94 /* hs.jpg */ = {isa = PBXFileReference; lastKnownFileType = image.jpeg; path = hs.jpg; sourceTree = "<group>"; };
		5277E7D71E34988A006ACB94 /* mc.jpg */ = {isa = PBXFileReference; lastKnownFileType = image.jpeg; path = mc.jpg; sourceTree = "<group>"; };
		5277E7DA1E35BDA1006ACB94 /* CTTextView2.swift */ = {isa = PBXFileReference; fileEncoding = 4; lastKnownFileType = sourcecode.swift; path = CTTextView2.swift; sourceTree = "<group>"; };
		5277E7DC1E35BDD6006ACB94 /* List1DVC2.swift */ = {isa = PBXFileReference; fileEncoding = 4; lastKnownFileType = sourcecode.swift; path = List1DVC2.swift; sourceTree = "<group>"; };
		5277E7E01E35DF68006ACB94 /* CTTextView3.swift */ = {isa = PBXFileReference; fileEncoding = 4; lastKnownFileType = sourcecode.swift; path = CTTextView3.swift; sourceTree = "<group>"; };
		5277E7E21E370416006ACB94 /* List2.swift */ = {isa = PBXFileReference; fileEncoding = 4; lastKnownFileType = sourcecode.swift; path = List2.swift; sourceTree = "<group>"; };
		5277E7E51E3704C5006ACB94 /* ListVC2TestView.swift */ = {isa = PBXFileReference; fileEncoding = 4; lastKnownFileType = sourcecode.swift; path = ListVC2TestView.swift; sourceTree = "<group>"; };
		5277E7EA1E3866FF006ACB94 /* List3.h */ = {isa = PBXFileReference; fileEncoding = 4; lastKnownFileType = sourcecode.c.h; path = List3.h; sourceTree = "<group>"; };
		5277E7EB1E3866FF006ACB94 /* List3.m */ = {isa = PBXFileReference; fileEncoding = 4; lastKnownFileType = sourcecode.c.objc; path = List3.m; sourceTree = "<group>"; };
		5277E7ED1E38671C006ACB94 /* List3TextView.h */ = {isa = PBXFileReference; fileEncoding = 4; lastKnownFileType = sourcecode.c.h; path = List3TextView.h; sourceTree = "<group>"; };
		5277E7EE1E38671C006ACB94 /* List3TextView.m */ = {isa = PBXFileReference; fileEncoding = 4; lastKnownFileType = sourcecode.c.objc; path = List3TextView.m; sourceTree = "<group>"; };
		52CE02771E4848AE002F54A2 /* TextKitVC1.swift */ = {isa = PBXFileReference; fileEncoding = 4; lastKnownFileType = sourcecode.swift; path = TextKitVC1.swift; sourceTree = "<group>"; };
		52CE02791E4849CC002F54A2 /* Starjedi.ttf */ = {isa = PBXFileReference; lastKnownFileType = file; path = Starjedi.ttf; sourceTree = "<group>"; };
		52CE027A1E4849CC002F54A2 /* stars */ = {isa = PBXFileReference; lastKnownFileType = file; path = stars; sourceTree = "<group>"; };
		52F9C91D1E4F1CD600C44F24 /* TELayerAniamtion.swift */ = {isa = PBXFileReference; fileEncoding = 4; lastKnownFileType = sourcecode.swift; path = TELayerAniamtion.swift; sourceTree = "<group>"; };
		52FC990F1E530BE900020E54 /* ListVC4.swift */ = {isa = PBXFileReference; fileEncoding = 4; lastKnownFileType = sourcecode.swift; path = ListVC4.swift; sourceTree = "<group>"; };
		52FC99101E530BE900020E54 /* ListVC4.xib */ = {isa = PBXFileReference; fileEncoding = 4; lastKnownFileType = file.xib; path = ListVC4.xib; sourceTree = "<group>"; };
		52FC99131E53FF3D00020E54 /* NotoEmoji-Regular.ttf */ = {isa = PBXFileReference; lastKnownFileType = file; path = "NotoEmoji-Regular.ttf"; sourceTree = "<group>"; };
		52FC99151E54006500020E54 /* NotoMono-Regular.ttf */ = {isa = PBXFileReference; lastKnownFileType = file; path = "NotoMono-Regular.ttf"; sourceTree = "<group>"; };
		60F9E45604C44AE83B535391 /* Pods_CoreTextTestTests.framework */ = {isa = PBXFileReference; explicitFileType = wrapper.framework; includeInIndex = 0; path = Pods_CoreTextTestTests.framework; sourceTree = BUILT_PRODUCTS_DIR; };
		94ACB93A59EF1CC97746545D /* Pods_CoreTextTest.framework */ = {isa = PBXFileReference; explicitFileType = wrapper.framework; includeInIndex = 0; path = Pods_CoreTextTest.framework; sourceTree = BUILT_PRODUCTS_DIR; };
		98E290CBC82E39FD43D1ABFA /* Pods-CoreTextTestTests.debug.xcconfig */ = {isa = PBXFileReference; includeInIndex = 1; lastKnownFileType = text.xcconfig; name = "Pods-CoreTextTestTests.debug.xcconfig"; path = "Pods/Target Support Files/Pods-CoreTextTestTests/Pods-CoreTextTestTests.debug.xcconfig"; sourceTree = "<group>"; };
		A5A43F9279C7008C6CA79F3E /* Pods-CoreTextTestUITests.debug.xcconfig */ = {isa = PBXFileReference; includeInIndex = 1; lastKnownFileType = text.xcconfig; name = "Pods-CoreTextTestUITests.debug.xcconfig"; path = "Pods/Target Support Files/Pods-CoreTextTestUITests/Pods-CoreTextTestUITests.debug.xcconfig"; sourceTree = "<group>"; };
		BE7E61113A03F3432AF85142 /* Pods-CoreTextTest.release.xcconfig */ = {isa = PBXFileReference; includeInIndex = 1; lastKnownFileType = text.xcconfig; name = "Pods-CoreTextTest.release.xcconfig"; path = "Pods/Target Support Files/Pods-CoreTextTest/Pods-CoreTextTest.release.xcconfig"; sourceTree = "<group>"; };
		C3AD1BAEDF07E4ED8E0BC240 /* Pods-CoreTextTestTests.release.xcconfig */ = {isa = PBXFileReference; includeInIndex = 1; lastKnownFileType = text.xcconfig; name = "Pods-CoreTextTestTests.release.xcconfig"; path = "Pods/Target Support Files/Pods-CoreTextTestTests/Pods-CoreTextTestTests.release.xcconfig"; sourceTree = "<group>"; };
		D12F6BDCBA4595B63B231FC9 /* Pods-CoreTextTestUITests.release.xcconfig */ = {isa = PBXFileReference; includeInIndex = 1; lastKnownFileType = text.xcconfig; name = "Pods-CoreTextTestUITests.release.xcconfig"; path = "Pods/Target Support Files/Pods-CoreTextTestUITests/Pods-CoreTextTestUITests.release.xcconfig"; sourceTree = "<group>"; };
		E98A1BF4EA55A48FF7637C41 /* Pods-CoreTextTest.debug.xcconfig */ = {isa = PBXFileReference; includeInIndex = 1; lastKnownFileType = text.xcconfig; name = "Pods-CoreTextTest.debug.xcconfig"; path = "Pods/Target Support Files/Pods-CoreTextTest/Pods-CoreTextTest.debug.xcconfig"; sourceTree = "<group>"; };
/* End PBXFileReference section */

/* Begin PBXFrameworksBuildPhase section */
		01B205411E306E2B005F9C39 /* Frameworks */ = {
			isa = PBXFrameworksBuildPhase;
			buildActionMask = 2147483647;
			files = (
				5579F1A2D23A940571C6C086 /* Pods_CoreTextTest.framework in Frameworks */,
			);
			runOnlyForDeploymentPostprocessing = 0;
		};
		01B2055A1E306E2B005F9C39 /* Frameworks */ = {
			isa = PBXFrameworksBuildPhase;
			buildActionMask = 2147483647;
			files = (
				64157E9927E1C62E128764AF /* Pods_CoreTextTestTests.framework in Frameworks */,
			);
			runOnlyForDeploymentPostprocessing = 0;
		};
		01B205651E306E2B005F9C39 /* Frameworks */ = {
			isa = PBXFrameworksBuildPhase;
			buildActionMask = 2147483647;
			files = (
				8607ABD4DDE29F4B69774400 /* Pods_CoreTextTestUITests.framework in Frameworks */,
			);
			runOnlyForDeploymentPostprocessing = 0;
		};
/* End PBXFrameworksBuildPhase section */

/* Begin PBXGroup section */
		01B2053B1E306E2B005F9C39 = {
			isa = PBXGroup;
			children = (
				01B205461E306E2B005F9C39 /* CoreTextTest */,
				01B205601E306E2B005F9C39 /* CoreTextTestTests */,
				01B2056B1E306E2B005F9C39 /* CoreTextTestUITests */,
				01B205451E306E2B005F9C39 /* Products */,
				4B5AE328B8BD893709439D8A /* Pods */,
				029EEA2205AF41EE28196B0D /* Frameworks */,
			);
			sourceTree = "<group>";
		};
		01B205451E306E2B005F9C39 /* Products */ = {
			isa = PBXGroup;
			children = (
				01B205441E306E2B005F9C39 /* CoreTextTest.app */,
				01B2055D1E306E2B005F9C39 /* CoreTextTestTests.xctest */,
				01B205681E306E2B005F9C39 /* CoreTextTestUITests.xctest */,
			);
			name = Products;
			sourceTree = "<group>";
		};
		01B205461E306E2B005F9C39 /* CoreTextTest */ = {
			isa = PBXGroup;
			children = (
				5277E7D51E346778006ACB94 /* PrefixHeader.pch */,
				01B2054A1E306E2B005F9C39 /* AppDelegate.h */,
				01B2054B1E306E2B005F9C39 /* AppDelegate.m */,
				5240F9AF1E50D25A00AF2F00 /* Catagory */,
				5256790C1E307680002ACB1E /* RootTVC.h */,
				5256790D1E307680002ACB1E /* RootTVC.m */,
				5277E7CF1E33B5A0006ACB94 /* swift长篇高能 */,
				5277E7E41E370422006ACB94 /* 测试Ascent、Descent、Leading */,
				5277E7E71E3866C5006ACB94 /* CoreText实现图文混排 */,
				5240F9B91E52854500AF2F00 /* 根据字体路径动画 */,
				52FC990C1E530B2500020E54 /* *************************** */,
				52CE02761E484876002F54A2 /* Translucid文本内嵌图片 */,
				52219F051E48DAE0002C0BF6 /* Swift3.0图文混排进阶（三）TextKit */,
				52219F0A1E4B04C0002C0BF6 /* 文本动画 */,
				5247135C1E55A0F5001362CC /* *************************** */,
				5247135D1E55A109001362CC /* 画可以透视背景的文字View */,
				522E76811E56061E00B1D55F /* 滑块展示两种字体！ */,
				5247136F1E55BC6A001362CC /* 渐变颜色的字体的实现！！！ */,
				01B205501E306E2B005F9C39 /* Main.storyboard */,
				523C818F1E4C49F900D02F3B /* Tool */,
				01B205531E306E2B005F9C39 /* Assets.xcassets */,
				01B205551E306E2B005F9C39 /* LaunchScreen.storyboard */,
				01B205581E306E2B005F9C39 /* Info.plist */,
				01B205471E306E2B005F9C39 /* Supporting Files */,
				5256790F1E3078DD002ACB1E /* CoreTextTest-Bridging-Header.h */,
			);
			path = CoreTextTest;
			sourceTree = "<group>";
		};
		01B205471E306E2B005F9C39 /* Supporting Files */ = {
			isa = PBXGroup;
			children = (
				01B205481E306E2B005F9C39 /* main.m */,
			);
			name = "Supporting Files";
			sourceTree = "<group>";
		};
		01B205601E306E2B005F9C39 /* CoreTextTestTests */ = {
			isa = PBXGroup;
			children = (
				01B205611E306E2B005F9C39 /* CoreTextTestTests.m */,
				01B205631E306E2B005F9C39 /* Info.plist */,
			);
			path = CoreTextTestTests;
			sourceTree = "<group>";
		};
		01B2056B1E306E2B005F9C39 /* CoreTextTestUITests */ = {
			isa = PBXGroup;
			children = (
				01B2056C1E306E2B005F9C39 /* CoreTextTestUITests.m */,
				01B2056E1E306E2B005F9C39 /* Info.plist */,
			);
			path = CoreTextTestUITests;
			sourceTree = "<group>";
		};
		029EEA2205AF41EE28196B0D /* Frameworks */ = {
			isa = PBXGroup;
			children = (
				94ACB93A59EF1CC97746545D /* Pods_CoreTextTest.framework */,
				60F9E45604C44AE83B535391 /* Pods_CoreTextTestTests.framework */,
				4C3C35126A49B61296E672BE /* Pods_CoreTextTestUITests.framework */,
			);
			name = Frameworks;
			sourceTree = "<group>";
		};
		4B5AE328B8BD893709439D8A /* Pods */ = {
			isa = PBXGroup;
			children = (
				E98A1BF4EA55A48FF7637C41 /* Pods-CoreTextTest.debug.xcconfig */,
				BE7E61113A03F3432AF85142 /* Pods-CoreTextTest.release.xcconfig */,
				98E290CBC82E39FD43D1ABFA /* Pods-CoreTextTestTests.debug.xcconfig */,
				C3AD1BAEDF07E4ED8E0BC240 /* Pods-CoreTextTestTests.release.xcconfig */,
				A5A43F9279C7008C6CA79F3E /* Pods-CoreTextTestUITests.debug.xcconfig */,
				D12F6BDCBA4595B63B231FC9 /* Pods-CoreTextTestUITests.release.xcconfig */,
			);
			name = Pods;
			sourceTree = "<group>";
		};
		52219F051E48DAE0002C0BF6 /* Swift3.0图文混排进阶（三）TextKit */ = {
			isa = PBXGroup;
			children = (
				52219F061E48DB5B002C0BF6 /* TextKitVC2.swift */,
				52219F081E48DBF4002C0BF6 /* TextKitVC2Label.swift */,
			);
			name = "Swift3.0图文混排进阶（三）TextKit";
			sourceTree = "<group>";
		};
		52219F0A1E4B04C0002C0BF6 /* 文本动画 */ = {
			isa = PBXGroup;
			children = (
				523C818D1E4C46BE00D02F3B /* TextKitVC3.swift */,
				523C81861E4C457100D02F3B /* Layout */,
				523C81941E4C4DC100D02F3B /* TextEffect */,
				5240F99E1E50D00200AF2F00 /* TextLayer替换UILabel */,
			);
			name = "文本动画";
			sourceTree = "<group>";
		};
		522E76811E56061E00B1D55F /* 滑块展示两种字体！ */ = {
			isa = PBXGroup;
			children = (
				522E76881E56067300B1D55F /* TwoStyleTextVC.h */,
				522E76891E56067300B1D55F /* TwoStyleTextVC.m */,
				522E76821E56065A00B1D55F /* JXTSlideClipLabel.h */,
				522E76831E56065A00B1D55F /* JXTSlideClipLabel.m */,
				522E76841E56065A00B1D55F /* ParallaxView.h */,
				522E76851E56065A00B1D55F /* ParallaxView.m */,
				522E768B1E5607BA00B1D55F /* ParallaxViewController.h */,
				522E768C1E5607BA00B1D55F /* ParallaxViewController.m */,
				522E768E1E56080300B1D55F /* background.jpg */,
				522E768F1E56080300B1D55F /* star.jpeg */,
			);
			name = "滑块展示两种字体！";
			sourceTree = "<group>";
		};
		523C81861E4C457100D02F3B /* Layout */ = {
			isa = PBXGroup;
			children = (
				523C81921E4C4C6500D02F3B /* layout.txt */,
				523C81871E4C457100D02F3B /* TKSLayoutViewController.swift */,
				523C81881E4C457100D02F3B /* TKSLinkDetectingTextStorage.swift */,
				523C81891E4C457100D02F3B /* TKSOutliningLayoutManager.swift */,
			);
			path = Layout;
			sourceTree = "<group>";
		};
		523C818F1E4C49F900D02F3B /* Tool */ = {
			isa = PBXGroup;
			children = (
				521BDBF81E4D5E82002FC20F /* ExtentionUikit.swift */,
			);
			name = Tool;
			path = Layout;
			sourceTree = "<group>";
		};
		523C81941E4C4DC100D02F3B /* TextEffect */ = {
			isa = PBXGroup;
			children = (
				523C81971E4C4E2C00D02F3B /* TextEffetcVC.swift */,
				523C81951E4C4E0300D02F3B /* TextEffetcLabel.swift */,
				52F9C91D1E4F1CD600C44F24 /* TELayerAniamtion.swift */,
			);
			name = TextEffect;
			sourceTree = "<group>";
		};
		5240F99E1E50D00200AF2F00 /* TextLayer替换UILabel */ = {
			isa = PBXGroup;
			children = (
				5240F99F1E50D04A00AF2F00 /* TextLayerLabelVC.swift */,
				5240F9A71E50D10600AF2F00 /* RootViewController.h */,
				5240F9A81E50D10600AF2F00 /* RootViewController.m */,
				5240F9AA1E50D1BE00AF2F00 /* RootViewController.xib */,
				5240F9A11E50D06A00AF2F00 /* AUIAnimatableLabel.h */,
				5240F9A21E50D06A00AF2F00 /* AUIAnimatableLabel.m */,
				5240F9A31E50D06A00AF2F00 /* UIFont+CoreTextExtensions.h */,
				5240F9A41E50D06A00AF2F00 /* UIFont+CoreTextExtensions.m */,
			);
			name = "TextLayer替换UILabel";
			sourceTree = "<group>";
		};
		5240F9AF1E50D25A00AF2F00 /* Catagory */ = {
			isa = PBXGroup;
			children = (
				5240F9AC1E50D25000AF2F00 /* UINavigationBar+Awesome.h */,
				5240F9AD1E50D25000AF2F00 /* UINavigationBar+Awesome.m */,
			);
			name = Catagory;
			sourceTree = "<group>";
		};
		5240F9B91E52854500AF2F00 /* 根据字体路径动画 */ = {
			isa = PBXGroup;
			children = (
				52FC99131E53FF3D00020E54 /* NotoEmoji-Regular.ttf */,
				52FC99151E54006500020E54 /* NotoMono-Regular.ttf */,
				5240F9BA1E5285A300AF2F00 /* FontDrawPathView.swift */,
				52FC990F1E530BE900020E54 /* ListVC4.swift */,
				52FC99101E530BE900020E54 /* ListVC4.xib */,
			);
			name = "根据字体路径动画";
			sourceTree = "<group>";
		};
		5247135C1E55A0F5001362CC /* *************************** */ = {
			isa = PBXGroup;
			children = (
			);
			name = "***************************";
			sourceTree = "<group>";
		};
		5247135D1E55A109001362CC /* 画可以透视背景的文字View */ = {
			isa = PBXGroup;
			children = (
				5247135E1E55A152001362CC /* OtherList1.h */,
				5247135F1E55A152001362CC /* OtherList1.m */,
				524713611E55A17E001362CC /* PerspectiveTextView.h */,
				524713621E55A17E001362CC /* PerspectiveTextView.m */,
				524713691E55BA3F001362CC /* OtherList1Detail.h */,
				5247136A1E55BA3F001362CC /* OtherList1Detail.m */,
				5247136C1E55BA84001362CC /* RSMaskedLabel.h */,
				5247136D1E55BA84001362CC /* RSMaskedLabel.m */,
			);
			name = "画可以透视背景的文字View";
			sourceTree = "<group>";
		};
		5247136F1E55BC6A001362CC /* 渐变颜色的字体的实现！！！ */ = {
			isa = PBXGroup;
			children = (
				522E76921E560CC100B1D55F /* GradientTextVC.h */,
				522E76931E560CC100B1D55F /* GradientTextVC.m */,
				522E76941E560CC100B1D55F /* CFGradientLabel.h */,
				522E76951E560CC100B1D55F /* CFGradientLabel.m */,
			);
			name = "渐变颜色的字体的实现！！！";
			sourceTree = "<group>";
		};
		5277E7CF1E33B5A0006ACB94 /* swift长篇高能 */ = {
			isa = PBXGroup;
			children = (
				525679101E3078DD002ACB1E /* List1.swift */,
				5277E7DE1E35BE37006ACB94 /* DVC1 */,
				5277E7DF1E35BE45006ACB94 /* DVC2 */,
				5277E7D61E34988A006ACB94 /* hs.jpg */,
				5277E7D71E34988A006ACB94 /* mc.jpg */,
			);
			name = "swift长篇高能";
			sourceTree = "<group>";
		};
		5277E7DE1E35BE37006ACB94 /* DVC1 */ = {
			isa = PBXGroup;
			children = (
				5277E7D01E33B5E2006ACB94 /* List1DVC.h */,
				5277E7D11E33B5E2006ACB94 /* List1DVC.m */,
				5277E7D31E33B7EA006ACB94 /* CTTextView1.swift */,
			);
			name = DVC1;
			sourceTree = "<group>";
		};
		5277E7DF1E35BE45006ACB94 /* DVC2 */ = {
			isa = PBXGroup;
			children = (
				5277E7DC1E35BDD6006ACB94 /* List1DVC2.swift */,
				5277E7DA1E35BDA1006ACB94 /* CTTextView2.swift */,
				5277E7E01E35DF68006ACB94 /* CTTextView3.swift */,
			);
			name = DVC2;
			sourceTree = "<group>";
		};
		5277E7E41E370422006ACB94 /* 测试Ascent、Descent、Leading */ = {
			isa = PBXGroup;
			children = (
				5277E7E21E370416006ACB94 /* List2.swift */,
				5277E7E51E3704C5006ACB94 /* ListVC2TestView.swift */,
			);
			name = "测试Ascent、Descent、Leading";
			sourceTree = "<group>";
		};
		5277E7E71E3866C5006ACB94 /* CoreText实现图文混排 */ = {
			isa = PBXGroup;
			children = (
				5277E7EA1E3866FF006ACB94 /* List3.h */,
				5277E7EB1E3866FF006ACB94 /* List3.m */,
				5277E7ED1E38671C006ACB94 /* List3TextView.h */,
				5277E7EE1E38671C006ACB94 /* List3TextView.m */,
			);
			name = "CoreText实现图文混排";
			sourceTree = "<group>";
		};
		52CE02761E484876002F54A2 /* Translucid文本内嵌图片 */ = {
			isa = PBXGroup;
			children = (
				52CE02771E4848AE002F54A2 /* TextKitVC1.swift */,
				52494E7A1E48A483001738DB /* bslr.ttf */,
				52494E7F1E48B761001738DB /* kabuqinuo.otf */,
				52CE02791E4849CC002F54A2 /* Starjedi.ttf */,
				52CE027A1E4849CC002F54A2 /* stars */,
				52494E7C1E48ABFD001738DB /* UIFont+Generator.h */,
				52494E7D1E48ABFD001738DB /* UIFont+Generator.m */,
			);
			name = "Translucid文本内嵌图片";
			sourceTree = "<group>";
		};
		52FC990C1E530B2500020E54 /* *************************** */ = {
			isa = PBXGroup;
			children = (
			);
			name = "***************************";
			sourceTree = "<group>";
		};
/* End PBXGroup section */

/* Begin PBXNativeTarget section */
		01B205431E306E2B005F9C39 /* CoreTextTest */ = {
			isa = PBXNativeTarget;
			buildConfigurationList = 01B205711E306E2B005F9C39 /* Build configuration list for PBXNativeTarget "CoreTextTest" */;
			buildPhases = (
				22DE2D24ED51F6599C2A3058 /* [CP] Check Pods Manifest.lock */,
				01B205401E306E2B005F9C39 /* Sources */,
				01B205411E306E2B005F9C39 /* Frameworks */,
				01B205421E306E2B005F9C39 /* Resources */,
				9650E669D11F9E4E9DAF97B8 /* [CP] Embed Pods Frameworks */,
				8FD19D2B3311E6A402989035 /* [CP] Copy Pods Resources */,
			);
			buildRules = (
			);
			dependencies = (
			);
			name = CoreTextTest;
			productName = CoreTextTest;
			productReference = 01B205441E306E2B005F9C39 /* CoreTextTest.app */;
			productType = "com.apple.product-type.application";
		};
		01B2055C1E306E2B005F9C39 /* CoreTextTestTests */ = {
			isa = PBXNativeTarget;
			buildConfigurationList = 01B205741E306E2B005F9C39 /* Build configuration list for PBXNativeTarget "CoreTextTestTests" */;
			buildPhases = (
				D69BA33C75D8893FF68E7151 /* [CP] Check Pods Manifest.lock */,
				01B205591E306E2B005F9C39 /* Sources */,
				01B2055A1E306E2B005F9C39 /* Frameworks */,
				01B2055B1E306E2B005F9C39 /* Resources */,
				B2215D3634B81D6DC24AE928 /* [CP] Embed Pods Frameworks */,
				85E1A6B5181E24B7A94D54B8 /* [CP] Copy Pods Resources */,
			);
			buildRules = (
			);
			dependencies = (
				01B2055F1E306E2B005F9C39 /* PBXTargetDependency */,
			);
			name = CoreTextTestTests;
			productName = CoreTextTestTests;
			productReference = 01B2055D1E306E2B005F9C39 /* CoreTextTestTests.xctest */;
			productType = "com.apple.product-type.bundle.unit-test";
		};
		01B205671E306E2B005F9C39 /* CoreTextTestUITests */ = {
			isa = PBXNativeTarget;
			buildConfigurationList = 01B205771E306E2B005F9C39 /* Build configuration list for PBXNativeTarget "CoreTextTestUITests" */;
			buildPhases = (
				3C40E573E67AF40B329E78E0 /* [CP] Check Pods Manifest.lock */,
				01B205641E306E2B005F9C39 /* Sources */,
				01B205651E306E2B005F9C39 /* Frameworks */,
				01B205661E306E2B005F9C39 /* Resources */,
				240EB8CA967FB57545E166A2 /* [CP] Embed Pods Frameworks */,
				C81B1D181298132BF9775D4D /* [CP] Copy Pods Resources */,
			);
			buildRules = (
			);
			dependencies = (
				01B2056A1E306E2B005F9C39 /* PBXTargetDependency */,
			);
			name = CoreTextTestUITests;
			productName = CoreTextTestUITests;
			productReference = 01B205681E306E2B005F9C39 /* CoreTextTestUITests.xctest */;
			productType = "com.apple.product-type.bundle.ui-testing";
		};
/* End PBXNativeTarget section */

/* Begin PBXProject section */
		01B2053C1E306E2B005F9C39 /* Project object */ = {
			isa = PBXProject;
			attributes = {
				LastUpgradeCheck = 0800;
				ORGANIZATIONNAME = jiuxiaoming;
				TargetAttributes = {
					01B205431E306E2B005F9C39 = {
						CreatedOnToolsVersion = 8.0;
						DevelopmentTeam = 8QB68XF3YG;
						LastSwiftMigration = 0820;
						ProvisioningStyle = Automatic;
					};
					01B2055C1E306E2B005F9C39 = {
						CreatedOnToolsVersion = 8.0;
						ProvisioningStyle = Automatic;
						TestTargetID = 01B205431E306E2B005F9C39;
					};
					01B205671E306E2B005F9C39 = {
						CreatedOnToolsVersion = 8.0;
						ProvisioningStyle = Automatic;
						TestTargetID = 01B205431E306E2B005F9C39;
					};
				};
			};
			buildConfigurationList = 01B2053F1E306E2B005F9C39 /* Build configuration list for PBXProject "CoreTextTest" */;
			compatibilityVersion = "Xcode 3.2";
			developmentRegion = English;
			hasScannedForEncodings = 0;
			knownRegions = (
				en,
				Base,
			);
			mainGroup = 01B2053B1E306E2B005F9C39;
			productRefGroup = 01B205451E306E2B005F9C39 /* Products */;
			projectDirPath = "";
			projectRoot = "";
			targets = (
				01B205431E306E2B005F9C39 /* CoreTextTest */,
				01B2055C1E306E2B005F9C39 /* CoreTextTestTests */,
				01B205671E306E2B005F9C39 /* CoreTextTestUITests */,
			);
		};
/* End PBXProject section */

/* Begin PBXResourcesBuildPhase section */
		01B205421E306E2B005F9C39 /* Resources */ = {
			isa = PBXResourcesBuildPhase;
			buildActionMask = 2147483647;
			files = (
				523C81931E4C4C6500D02F3B /* layout.txt in Resources */,
				5277E7D91E34988A006ACB94 /* mc.jpg in Resources */,
				52FC99161E54006500020E54 /* NotoMono-Regular.ttf in Resources */,
				52CE027C1E4849CC002F54A2 /* stars in Resources */,
				52494E801E48B761001738DB /* kabuqinuo.otf in Resources */,
				5277E7D81E34988A006ACB94 /* hs.jpg in Resources */,
				522E76901E56080300B1D55F /* background.jpg in Resources */,
				522E76911E56080300B1D55F /* star.jpeg in Resources */,
				01B205571E306E2B005F9C39 /* LaunchScreen.storyboard in Resources */,
				01B205541E306E2B005F9C39 /* Assets.xcassets in Resources */,
				52494E7B1E48A483001738DB /* bslr.ttf in Resources */,
				5240F9AB1E50D1BE00AF2F00 /* RootViewController.xib in Resources */,
				52FC99121E530BE900020E54 /* ListVC4.xib in Resources */,
				52FC99141E53FF3D00020E54 /* NotoEmoji-Regular.ttf in Resources */,
				52CE027B1E4849CC002F54A2 /* Starjedi.ttf in Resources */,
				01B205521E306E2B005F9C39 /* Main.storyboard in Resources */,
			);
			runOnlyForDeploymentPostprocessing = 0;
		};
		01B2055B1E306E2B005F9C39 /* Resources */ = {
			isa = PBXResourcesBuildPhase;
			buildActionMask = 2147483647;
			files = (
			);
			runOnlyForDeploymentPostprocessing = 0;
		};
		01B205661E306E2B005F9C39 /* Resources */ = {
			isa = PBXResourcesBuildPhase;
			buildActionMask = 2147483647;
			files = (
			);
			runOnlyForDeploymentPostprocessing = 0;
		};
/* End PBXResourcesBuildPhase section */

/* Begin PBXShellScriptBuildPhase section */
		22DE2D24ED51F6599C2A3058 /* [CP] Check Pods Manifest.lock */ = {
			isa = PBXShellScriptBuildPhase;
			buildActionMask = 2147483647;
			files = (
			);
			inputPaths = (
			);
			name = "[CP] Check Pods Manifest.lock";
			outputPaths = (
			);
			runOnlyForDeploymentPostprocessing = 0;
			shellPath = /bin/sh;
			shellScript = "diff \"${PODS_ROOT}/../Podfile.lock\" \"${PODS_ROOT}/Manifest.lock\" > /dev/null\nif [ $? != 0 ] ; then\n    # print error to STDERR\n    echo \"error: The sandbox is not in sync with the Podfile.lock. Run 'pod install' or update your CocoaPods installation.\" >&2\n    exit 1\nfi\n";
			showEnvVarsInLog = 0;
		};
		240EB8CA967FB57545E166A2 /* [CP] Embed Pods Frameworks */ = {
			isa = PBXShellScriptBuildPhase;
			buildActionMask = 2147483647;
			files = (
			);
			inputPaths = (
			);
			name = "[CP] Embed Pods Frameworks";
			outputPaths = (
			);
			runOnlyForDeploymentPostprocessing = 0;
			shellPath = /bin/sh;
			shellScript = "\"${SRCROOT}/Pods/Target Support Files/Pods-CoreTextTestUITests/Pods-CoreTextTestUITests-frameworks.sh\"\n";
			showEnvVarsInLog = 0;
		};
		3C40E573E67AF40B329E78E0 /* [CP] Check Pods Manifest.lock */ = {
			isa = PBXShellScriptBuildPhase;
			buildActionMask = 2147483647;
			files = (
			);
			inputPaths = (
			);
			name = "[CP] Check Pods Manifest.lock";
			outputPaths = (
			);
			runOnlyForDeploymentPostprocessing = 0;
			shellPath = /bin/sh;
			shellScript = "diff \"${PODS_ROOT}/../Podfile.lock\" \"${PODS_ROOT}/Manifest.lock\" > /dev/null\nif [ $? != 0 ] ; then\n    # print error to STDERR\n    echo \"error: The sandbox is not in sync with the Podfile.lock. Run 'pod install' or update your CocoaPods installation.\" >&2\n    exit 1\nfi\n";
			showEnvVarsInLog = 0;
		};
		85E1A6B5181E24B7A94D54B8 /* [CP] Copy Pods Resources */ = {
			isa = PBXShellScriptBuildPhase;
			buildActionMask = 2147483647;
			files = (
			);
			inputPaths = (
			);
			name = "[CP] Copy Pods Resources";
			outputPaths = (
			);
			runOnlyForDeploymentPostprocessing = 0;
			shellPath = /bin/sh;
			shellScript = "\"${SRCROOT}/Pods/Target Support Files/Pods-CoreTextTestTests/Pods-CoreTextTestTests-resources.sh\"\n";
			showEnvVarsInLog = 0;
		};
		8FD19D2B3311E6A402989035 /* [CP] Copy Pods Resources */ = {
			isa = PBXShellScriptBuildPhase;
			buildActionMask = 2147483647;
			files = (
			);
			inputPaths = (
			);
			name = "[CP] Copy Pods Resources";
			outputPaths = (
			);
			runOnlyForDeploymentPostprocessing = 0;
			shellPath = /bin/sh;
			shellScript = "\"${SRCROOT}/Pods/Target Support Files/Pods-CoreTextTest/Pods-CoreTextTest-resources.sh\"\n";
			showEnvVarsInLog = 0;
		};
		9650E669D11F9E4E9DAF97B8 /* [CP] Embed Pods Frameworks */ = {
			isa = PBXShellScriptBuildPhase;
			buildActionMask = 2147483647;
			files = (
			);
			inputPaths = (
			);
			name = "[CP] Embed Pods Frameworks";
			outputPaths = (
			);
			runOnlyForDeploymentPostprocessing = 0;
			shellPath = /bin/sh;
			shellScript = "\"${SRCROOT}/Pods/Target Support Files/Pods-CoreTextTest/Pods-CoreTextTest-frameworks.sh\"\n";
			showEnvVarsInLog = 0;
		};
		B2215D3634B81D6DC24AE928 /* [CP] Embed Pods Frameworks */ = {
			isa = PBXShellScriptBuildPhase;
			buildActionMask = 2147483647;
			files = (
			);
			inputPaths = (
			);
			name = "[CP] Embed Pods Frameworks";
			outputPaths = (
			);
			runOnlyForDeploymentPostprocessing = 0;
			shellPath = /bin/sh;
			shellScript = "\"${SRCROOT}/Pods/Target Support Files/Pods-CoreTextTestTests/Pods-CoreTextTestTests-frameworks.sh\"\n";
			showEnvVarsInLog = 0;
		};
		C81B1D181298132BF9775D4D /* [CP] Copy Pods Resources */ = {
			isa = PBXShellScriptBuildPhase;
			buildActionMask = 2147483647;
			files = (
			);
			inputPaths = (
			);
			name = "[CP] Copy Pods Resources";
			outputPaths = (
			);
			runOnlyForDeploymentPostprocessing = 0;
			shellPath = /bin/sh;
			shellScript = "\"${SRCROOT}/Pods/Target Support Files/Pods-CoreTextTestUITests/Pods-CoreTextTestUITests-resources.sh\"\n";
			showEnvVarsInLog = 0;
		};
		D69BA33C75D8893FF68E7151 /* [CP] Check Pods Manifest.lock */ = {
			isa = PBXShellScriptBuildPhase;
			buildActionMask = 2147483647;
			files = (
			);
			inputPaths = (
			);
			name = "[CP] Check Pods Manifest.lock";
			outputPaths = (
			);
			runOnlyForDeploymentPostprocessing = 0;
			shellPath = /bin/sh;
			shellScript = "diff \"${PODS_ROOT}/../Podfile.lock\" \"${PODS_ROOT}/Manifest.lock\" > /dev/null\nif [ $? != 0 ] ; then\n    # print error to STDERR\n    echo \"error: The sandbox is not in sync with the Podfile.lock. Run 'pod install' or update your CocoaPods installation.\" >&2\n    exit 1\nfi\n";
			showEnvVarsInLog = 0;
		};
/* End PBXShellScriptBuildPhase section */

/* Begin PBXSourcesBuildPhase section */
		01B205401E306E2B005F9C39 /* Sources */ = {
			isa = PBXSourcesBuildPhase;
			buildActionMask = 2147483647;
			files = (
				524713631E55A17E001362CC /* PerspectiveTextView.m in Sources */,
				5256790E1E307680002ACB1E /* RootTVC.m in Sources */,
				5240F9A01E50D04A00AF2F00 /* TextLayerLabelVC.swift in Sources */,
				523C81981E4C4E2C00D02F3B /* TextEffetcVC.swift in Sources */,
				5277E7DD1E35BDD6006ACB94 /* List1DVC2.swift in Sources */,
				522E76961E560CC100B1D55F /* GradientTextVC.m in Sources */,
				01B2054C1E306E2B005F9C39 /* AppDelegate.m in Sources */,
				52494E7E1E48ABFD001738DB /* UIFont+Generator.m in Sources */,
				522E768D1E5607BA00B1D55F /* ParallaxViewController.m in Sources */,
				522E76871E56065A00B1D55F /* ParallaxView.m in Sources */,
				522E76861E56065A00B1D55F /* JXTSlideClipLabel.m in Sources */,
				5277E7EC1E3866FF006ACB94 /* List3.m in Sources */,
				5240F9A51E50D06A00AF2F00 /* AUIAnimatableLabel.m in Sources */,
				521BDBF91E4D5E82002FC20F /* ExtentionUikit.swift in Sources */,
				524713601E55A152001362CC /* OtherList1.m in Sources */,
				523C818A1E4C457100D02F3B /* TKSLayoutViewController.swift in Sources */,
				52CE02781E4848AE002F54A2 /* TextKitVC1.swift in Sources */,
				5277E7E11E35DF68006ACB94 /* CTTextView3.swift in Sources */,
				5277E7D41E33B7EA006ACB94 /* CTTextView1.swift in Sources */,
				5240F9A91E50D10600AF2F00 /* RootViewController.m in Sources */,
				525679111E3078DD002ACB1E /* List1.swift in Sources */,
				522E768A1E56067300B1D55F /* TwoStyleTextVC.m in Sources */,
				52F9C91E1E4F1CD600C44F24 /* TELayerAniamtion.swift in Sources */,
				523C818C1E4C457100D02F3B /* TKSOutliningLayoutManager.swift in Sources */,
				5277E7DB1E35BDA1006ACB94 /* CTTextView2.swift in Sources */,
				5240F9A61E50D06A00AF2F00 /* UIFont+CoreTextExtensions.m in Sources */,
				01B205491E306E2B005F9C39 /* main.m in Sources */,
				5247136B1E55BA3F001362CC /* OtherList1Detail.m in Sources */,
				52219F091E48DBF4002C0BF6 /* TextKitVC2Label.swift in Sources */,
				5247136E1E55BA84001362CC /* RSMaskedLabel.m in Sources */,
				52219F071E48DB5B002C0BF6 /* TextKitVC2.swift in Sources */,
				5277E7D21E33B5E2006ACB94 /* List1DVC.m in Sources */,
				523C81961E4C4E0300D02F3B /* TextEffetcLabel.swift in Sources */,
				5240F9AE1E50D25000AF2F00 /* UINavigationBar+Awesome.m in Sources */,
				5277E7EF1E38671C006ACB94 /* List3TextView.m in Sources */,
				5277E7E61E3704C5006ACB94 /* ListVC2TestView.swift in Sources */,
				5277E7E31E370416006ACB94 /* List2.swift in Sources */,
				523C818E1E4C46BE00D02F3B /* TextKitVC3.swift in Sources */,
				52FC99111E530BE900020E54 /* ListVC4.swift in Sources */,
				5240F9BB1E5285A400AF2F00 /* FontDrawPathView.swift in Sources */,
				523C818B1E4C457100D02F3B /* TKSLinkDetectingTextStorage.swift in Sources */,
				522E76971E560CC100B1D55F /* CFGradientLabel.m in Sources */,
			);
			runOnlyForDeploymentPostprocessing = 0;
		};
		01B205591E306E2B005F9C39 /* Sources */ = {
			isa = PBXSourcesBuildPhase;
			buildActionMask = 2147483647;
			files = (
				01B205621E306E2B005F9C39 /* CoreTextTestTests.m in Sources */,
			);
			runOnlyForDeploymentPostprocessing = 0;
		};
		01B205641E306E2B005F9C39 /* Sources */ = {
			isa = PBXSourcesBuildPhase;
			buildActionMask = 2147483647;
			files = (
				01B2056D1E306E2B005F9C39 /* CoreTextTestUITests.m in Sources */,
			);
			runOnlyForDeploymentPostprocessing = 0;
		};
/* End PBXSourcesBuildPhase section */

/* Begin PBXTargetDependency section */
		01B2055F1E306E2B005F9C39 /* PBXTargetDependency */ = {
			isa = PBXTargetDependency;
			target = 01B205431E306E2B005F9C39 /* CoreTextTest */;
			targetProxy = 01B2055E1E306E2B005F9C39 /* PBXContainerItemProxy */;
		};
		01B2056A1E306E2B005F9C39 /* PBXTargetDependency */ = {
			isa = PBXTargetDependency;
			target = 01B205431E306E2B005F9C39 /* CoreTextTest */;
			targetProxy = 01B205691E306E2B005F9C39 /* PBXContainerItemProxy */;
		};
/* End PBXTargetDependency section */

/* Begin PBXVariantGroup section */
		01B205501E306E2B005F9C39 /* Main.storyboard */ = {
			isa = PBXVariantGroup;
			children = (
				01B205511E306E2B005F9C39 /* Base */,
			);
			name = Main.storyboard;
			sourceTree = "<group>";
		};
		01B205551E306E2B005F9C39 /* LaunchScreen.storyboard */ = {
			isa = PBXVariantGroup;
			children = (
				01B205561E306E2B005F9C39 /* Base */,
			);
			name = LaunchScreen.storyboard;
			sourceTree = "<group>";
		};
/* End PBXVariantGroup section */

/* Begin XCBuildConfiguration section */
		01B2056F1E306E2B005F9C39 /* Debug */ = {
			isa = XCBuildConfiguration;
			buildSettings = {
				ALWAYS_SEARCH_USER_PATHS = NO;
				CLANG_ANALYZER_NONNULL = YES;
				CLANG_CXX_LANGUAGE_STANDARD = "gnu++0x";
				CLANG_CXX_LIBRARY = "libc++";
				CLANG_ENABLE_MODULES = YES;
				CLANG_ENABLE_OBJC_ARC = YES;
				CLANG_WARN_BOOL_CONVERSION = YES;
				CLANG_WARN_CONSTANT_CONVERSION = YES;
				CLANG_WARN_DIRECT_OBJC_ISA_USAGE = YES_ERROR;
				CLANG_WARN_DOCUMENTATION_COMMENTS = YES;
				CLANG_WARN_EMPTY_BODY = YES;
				CLANG_WARN_ENUM_CONVERSION = YES;
				CLANG_WARN_INFINITE_RECURSION = YES;
				CLANG_WARN_INT_CONVERSION = YES;
				CLANG_WARN_OBJC_ROOT_CLASS = YES_ERROR;
				CLANG_WARN_SUSPICIOUS_MOVES = YES;
				CLANG_WARN_UNREACHABLE_CODE = YES;
				CLANG_WARN__DUPLICATE_METHOD_MATCH = YES;
				"CODE_SIGN_IDENTITY[sdk=iphoneos*]" = "iPhone Developer";
				COPY_PHASE_STRIP = NO;
				DEBUG_INFORMATION_FORMAT = dwarf;
				ENABLE_STRICT_OBJC_MSGSEND = YES;
				ENABLE_TESTABILITY = YES;
				GCC_C_LANGUAGE_STANDARD = gnu99;
				GCC_DYNAMIC_NO_PIC = NO;
				GCC_NO_COMMON_BLOCKS = YES;
				GCC_OPTIMIZATION_LEVEL = 0;
				GCC_PREPROCESSOR_DEFINITIONS = (
					"DEBUG=1",
					"$(inherited)",
				);
				GCC_WARN_64_TO_32_BIT_CONVERSION = YES;
				GCC_WARN_ABOUT_RETURN_TYPE = YES_ERROR;
				GCC_WARN_UNDECLARED_SELECTOR = YES;
				GCC_WARN_UNINITIALIZED_AUTOS = YES_AGGRESSIVE;
				GCC_WARN_UNUSED_FUNCTION = YES;
				GCC_WARN_UNUSED_VARIABLE = YES;
				IPHONEOS_DEPLOYMENT_TARGET = 10.0;
				MTL_ENABLE_DEBUG_INFO = YES;
				ONLY_ACTIVE_ARCH = YES;
				SDKROOT = iphoneos;
			};
			name = Debug;
		};
		01B205701E306E2B005F9C39 /* Release */ = {
			isa = XCBuildConfiguration;
			buildSettings = {
				ALWAYS_SEARCH_USER_PATHS = NO;
				CLANG_ANALYZER_NONNULL = YES;
				CLANG_CXX_LANGUAGE_STANDARD = "gnu++0x";
				CLANG_CXX_LIBRARY = "libc++";
				CLANG_ENABLE_MODULES = YES;
				CLANG_ENABLE_OBJC_ARC = YES;
				CLANG_WARN_BOOL_CONVERSION = YES;
				CLANG_WARN_CONSTANT_CONVERSION = YES;
				CLANG_WARN_DIRECT_OBJC_ISA_USAGE = YES_ERROR;
				CLANG_WARN_DOCUMENTATION_COMMENTS = YES;
				CLANG_WARN_EMPTY_BODY = YES;
				CLANG_WARN_ENUM_CONVERSION = YES;
				CLANG_WARN_INFINITE_RECURSION = YES;
				CLANG_WARN_INT_CONVERSION = YES;
				CLANG_WARN_OBJC_ROOT_CLASS = YES_ERROR;
				CLANG_WARN_SUSPICIOUS_MOVES = YES;
				CLANG_WARN_UNREACHABLE_CODE = YES;
				CLANG_WARN__DUPLICATE_METHOD_MATCH = YES;
				"CODE_SIGN_IDENTITY[sdk=iphoneos*]" = "iPhone Developer";
				COPY_PHASE_STRIP = NO;
				DEBUG_INFORMATION_FORMAT = "dwarf-with-dsym";
				ENABLE_NS_ASSERTIONS = NO;
				ENABLE_STRICT_OBJC_MSGSEND = YES;
				GCC_C_LANGUAGE_STANDARD = gnu99;
				GCC_NO_COMMON_BLOCKS = YES;
				GCC_WARN_64_TO_32_BIT_CONVERSION = YES;
				GCC_WARN_ABOUT_RETURN_TYPE = YES_ERROR;
				GCC_WARN_UNDECLARED_SELECTOR = YES;
				GCC_WARN_UNINITIALIZED_AUTOS = YES_AGGRESSIVE;
				GCC_WARN_UNUSED_FUNCTION = YES;
				GCC_WARN_UNUSED_VARIABLE = YES;
				IPHONEOS_DEPLOYMENT_TARGET = 10.0;
				MTL_ENABLE_DEBUG_INFO = NO;
				SDKROOT = iphoneos;
				VALIDATE_PRODUCT = YES;
			};
			name = Release;
		};
		01B205721E306E2B005F9C39 /* Debug */ = {
			isa = XCBuildConfiguration;
			baseConfigurationReference = E98A1BF4EA55A48FF7637C41 /* Pods-CoreTextTest.debug.xcconfig */;
			buildSettings = {
				ASSETCATALOG_COMPILER_APPICON_NAME = AppIcon;
				CLANG_ENABLE_MODULES = YES;
				DEFINES_MODULE = YES;
				DEVELOPMENT_TEAM = 8QB68XF3YG;
				GCC_PREFIX_HEADER = CoreTextTest/PrefixHeader.pch;
				HEADER_SEARCH_PATHS = "\"$(SDKROOT)/usr/include/libxml2\"";
				INFOPLIST_FILE = CoreTextTest/Info.plist;
				LD_RUNPATH_SEARCH_PATHS = "$(inherited) @executable_path/Frameworks";
				OTHER_LDFLAGS = (
					"$(inherited)",
					"-framework",
					"\"ChameleonFramework\"",
					"-framework",
					"\"DTCoreText\"",
					"-framework",
					"\"DTFoundation\"",
					"-framework",
					"\"Masonry\"",
					"-framework",
					"\"SnapKit\"",
					"-framework",
					"\"Translucid\"",
					"-lxml2",
				);
				PRODUCT_BUNDLE_IDENTIFIER = "com.I-MT.CoreTextTest";
				PRODUCT_NAME = "$(TARGET_NAME)";
				SWIFT_OBJC_BRIDGING_HEADER = "CoreTextTest/CoreTextTest-Bridging-Header.h";
				SWIFT_OPTIMIZATION_LEVEL = "-Onone";
				SWIFT_VERSION = 3.0;
				USER_HEADER_SEARCH_PATHS = " ${SRCROOT} /**";
			};
			name = Debug;
		};
		01B205731E306E2B005F9C39 /* Release */ = {
			isa = XCBuildConfiguration;
			baseConfigurationReference = BE7E61113A03F3432AF85142 /* Pods-CoreTextTest.release.xcconfig */;
			buildSettings = {
				ASSETCATALOG_COMPILER_APPICON_NAME = AppIcon;
				CLANG_ENABLE_MODULES = YES;
				DEFINES_MODULE = YES;
				DEVELOPMENT_TEAM = 8QB68XF3YG;
				GCC_PREFIX_HEADER = CoreTextTest/PrefixHeader.pch;
				HEADER_SEARCH_PATHS = "\"$(SDKROOT)/usr/include/libxml2\"";
				INFOPLIST_FILE = CoreTextTest/Info.plist;
				LD_RUNPATH_SEARCH_PATHS = "$(inherited) @executable_path/Frameworks";
				OTHER_LDFLAGS = (
					"$(inherited)",
					"-framework",
					"\"ChameleonFramework\"",
					"-framework",
					"\"DTCoreText\"",
					"-framework",
					"\"DTFoundation\"",
					"-framework",
					"\"Masonry\"",
					"-framework",
					"\"SnapKit\"",
					"-framework",
					"\"Translucid\"",
					"-lxml2",
				);
				PRODUCT_BUNDLE_IDENTIFIER = "com.I-MT.CoreTextTest";
				PRODUCT_NAME = "$(TARGET_NAME)";
				SWIFT_OBJC_BRIDGING_HEADER = "CoreTextTest/CoreTextTest-Bridging-Header.h";
				SWIFT_VERSION = 3.0;
				USER_HEADER_SEARCH_PATHS = " ${SRCROOT} /**";
			};
			name = Release;
		};
		01B205751E306E2B005F9C39 /* Debug */ = {
			isa = XCBuildConfiguration;
			baseConfigurationReference = 98E290CBC82E39FD43D1ABFA /* Pods-CoreTextTestTests.debug.xcconfig */;
			buildSettings = {
				ALWAYS_EMBED_SWIFT_STANDARD_LIBRARIES = YES;
				BUNDLE_LOADER = "$(TEST_HOST)";
				INFOPLIST_FILE = CoreTextTestTests/Info.plist;
				LD_RUNPATH_SEARCH_PATHS = "$(inherited) @executable_path/Frameworks @loader_path/Frameworks";
				PRODUCT_BUNDLE_IDENTIFIER = "com.I-MT.CoreTextTestTests";
				PRODUCT_NAME = "$(TARGET_NAME)";
				TEST_HOST = "$(BUILT_PRODUCTS_DIR)/CoreTextTest.app/CoreTextTest";
			};
			name = Debug;
		};
		01B205761E306E2B005F9C39 /* Release */ = {
			isa = XCBuildConfiguration;
			baseConfigurationReference = C3AD1BAEDF07E4ED8E0BC240 /* Pods-CoreTextTestTests.release.xcconfig */;
			buildSettings = {
				ALWAYS_EMBED_SWIFT_STANDARD_LIBRARIES = YES;
				BUNDLE_LOADER = "$(TEST_HOST)";
				INFOPLIST_FILE = CoreTextTestTests/Info.plist;
				LD_RUNPATH_SEARCH_PATHS = "$(inherited) @executable_path/Frameworks @loader_path/Frameworks";
				PRODUCT_BUNDLE_IDENTIFIER = "com.I-MT.CoreTextTestTests";
				PRODUCT_NAME = "$(TARGET_NAME)";
				TEST_HOST = "$(BUILT_PRODUCTS_DIR)/CoreTextTest.app/CoreTextTest";
			};
			name = Release;
		};
		01B205781E306E2B005F9C39 /* Debug */ = {
			isa = XCBuildConfiguration;
			baseConfigurationReference = A5A43F9279C7008C6CA79F3E /* Pods-CoreTextTestUITests.debug.xcconfig */;
			buildSettings = {
				ALWAYS_EMBED_SWIFT_STANDARD_LIBRARIES = YES;
				INFOPLIST_FILE = CoreTextTestUITests/Info.plist;
				LD_RUNPATH_SEARCH_PATHS = "$(inherited) @executable_path/Frameworks @loader_path/Frameworks";
				PRODUCT_BUNDLE_IDENTIFIER = "com.I-MT.CoreTextTestUITests";
				PRODUCT_NAME = "$(TARGET_NAME)";
				TEST_TARGET_NAME = CoreTextTest;
			};
			name = Debug;
		};
		01B205791E306E2B005F9C39 /* Release */ = {
			isa = XCBuildConfiguration;
			baseConfigurationReference = D12F6BDCBA4595B63B231FC9 /* Pods-CoreTextTestUITests.release.xcconfig */;
			buildSettings = {
				ALWAYS_EMBED_SWIFT_STANDARD_LIBRARIES = YES;
				INFOPLIST_FILE = CoreTextTestUITests/Info.plist;
				LD_RUNPATH_SEARCH_PATHS = "$(inherited) @executable_path/Frameworks @loader_path/Frameworks";
				PRODUCT_BUNDLE_IDENTIFIER = "com.I-MT.CoreTextTestUITests";
				PRODUCT_NAME = "$(TARGET_NAME)";
				TEST_TARGET_NAME = CoreTextTest;
			};
			name = Release;
		};
/* End XCBuildConfiguration section */

/* Begin XCConfigurationList section */
		01B2053F1E306E2B005F9C39 /* Build configuration list for PBXProject "CoreTextTest" */ = {
			isa = XCConfigurationList;
			buildConfigurations = (
				01B2056F1E306E2B005F9C39 /* Debug */,
				01B205701E306E2B005F9C39 /* Release */,
			);
			defaultConfigurationIsVisible = 0;
			defaultConfigurationName = Release;
		};
		01B205711E306E2B005F9C39 /* Build configuration list for PBXNativeTarget "CoreTextTest" */ = {
			isa = XCConfigurationList;
			buildConfigurations = (
				01B205721E306E2B005F9C39 /* Debug */,
				01B205731E306E2B005F9C39 /* Release */,
			);
			defaultConfigurationIsVisible = 0;
			defaultConfigurationName = Release;
		};
		01B205741E306E2B005F9C39 /* Build configuration list for PBXNativeTarget "CoreTextTestTests" */ = {
			isa = XCConfigurationList;
			buildConfigurations = (
				01B205751E306E2B005F9C39 /* Debug */,
				01B205761E306E2B005F9C39 /* Release */,
			);
			defaultConfigurationIsVisible = 0;
			defaultConfigurationName = Release;
		};
		01B205771E306E2B005F9C39 /* Build configuration list for PBXNativeTarget "CoreTextTestUITests" */ = {
			isa = XCConfigurationList;
			buildConfigurations = (
				01B205781E306E2B005F9C39 /* Debug */,
				01B205791E306E2B005F9C39 /* Release */,
			);
			defaultConfigurationIsVisible = 0;
			defaultConfigurationName = Release;
		};
/* End XCConfigurationList section */
	};
	rootObject = 01B2053C1E306E2B005F9C39 /* Project object */;
}
