// !$*UTF8*$!
{
	archiveVersion = 1;
	classes = {
	};
	objectVersion = 46;
	objects = {

/* Begin PBXBuildFile section */
		01B205491E306E2B005F9C39 /* main.m in Sources */ = {isa = PBXBuildFile; fileRef = 01B205481E306E2B005F9C39 /* main.m */; };
		01B2054C1E306E2B005F9C39 /* AppDelegate.m in Sources */ = {isa = PBXBuildFile; fileRef = 01B2054B1E306E2B005F9C39 /* AppDelegate.m */; };
		01B2054F1E306E2B005F9C39 /* ViewController.m in Sources */ = {isa = PBXBuildFile; fileRef = 01B2054E1E306E2B005F9C39 /* ViewController.m */; };
		01B205521E306E2B005F9C39 /* Main.storyboard in Resources */ = {isa = PBXBuildFile; fileRef = 01B205501E306E2B005F9C39 /* Main.storyboard */; };
		01B205541E306E2B005F9C39 /* Assets.xcassets in Resources */ = {isa = PBXBuildFile; fileRef = 01B205531E306E2B005F9C39 /* Assets.xcassets */; };
		01B205571E306E2B005F9C39 /* LaunchScreen.storyboard in Resources */ = {isa = PBXBuildFile; fileRef = 01B205551E306E2B005F9C39 /* LaunchScreen.storyboard */; };
		01B205621E306E2B005F9C39 /* CoreTextTestTests.m in Sources */ = {isa = PBXBuildFile; fileRef = 01B205611E306E2B005F9C39 /* CoreTextTestTests.m */; };
		01B2056D1E306E2B005F9C39 /* CoreTextTestUITests.m in Sources */ = {isa = PBXBuildFile; fileRef = 01B2056C1E306E2B005F9C39 /* CoreTextTestUITests.m */; };
/* End PBXBuildFile section */

/* Begin PBXContainerItemProxy section */
		01B2055E1E306E2B005F9C39 /* PBXContainerItemProxy */ = {
			isa = PBXContainerItemProxy;
			containerPortal = 01B2053C1E306E2B005F9C39 /* Project object */;
			proxyType = 1;
			remoteGlobalIDString = 01B205431E306E2B005F9C39;
			remoteInfo = CoreTextTest;
		};
		01B205691E306E2B005F9C39 /* PBXContainerItemProxy */ = {
			isa = PBXContainerItemProxy;
			containerPortal = 01B2053C1E306E2B005F9C39 /* Project object */;
			proxyType = 1;
			remoteGlobalIDString = 01B205431E306E2B005F9C39;
			remoteInfo = CoreTextTest;
		};
/* End PBXContainerItemProxy section */

/* Begin PBXFileReference section */
		01B205441E306E2B005F9C39 /* CoreTextTest.app */ = {isa = PBXFileReference; explicitFileType = wrapper.application; includeInIndex = 0; path = CoreTextTest.app; sourceTree = BUILT_PRODUCTS_DIR; };
		01B205481E306E2B005F9C39 /* main.m */ = {isa = PBXFileReference; lastKnownFileType = sourcecode.c.objc; path = main.m; sourceTree = "<group>"; };
		01B2054A1E306E2B005F9C39 /* AppDelegate.h */ = {isa = PBXFileReference; lastKnownFileType = sourcecode.c.h; path = AppDelegate.h; sourceTree = "<group>"; };
		01B2054B1E306E2B005F9C39 /* AppDelegate.m */ = {isa = PBXFileReference; lastKnownFileType = sourcecode.c.objc; path = AppDelegate.m; sourceTree = "<group>"; };
		01B2054D1E306E2B005F9C39 /* ViewController.h */ = {isa = PBXFileReference; lastKnownFileType = sourcecode.c.h; path = ViewController.h; sourceTree = "<group>"; };
		01B2054E1E306E2B005F9C39 /* ViewController.m */ = {isa = PBXFileReference; lastKnownFileType = sourcecode.c.objc; path = ViewController.m; sourceTree = "<group>"; };
		01B205511E306E2B005F9C39 /* Base */ = {isa = PBXFileReference; lastKnownFileType = file.storyboard; name = Base; path = Base.lproj/Main.storyboard; sourceTree = "<group>"; };
		01B205531E306E2B005F9C39 /* Assets.xcassets */ = {isa = PBXFileReference; lastKnownFileType = folder.assetcatalog; path = Assets.xcassets; sourceTree = "<group>"; };
		01B205561E306E2B005F9C39 /* Base */ = {isa = PBXFileReference; lastKnownFileType = file.storyboard; name = Base; path = Base.lproj/LaunchScreen.storyboard; sourceTree = "<group>"; };
		01B205581E306E2B005F9C39 /* Info.plist */ = {isa = PBXFileReference; lastKnownFileType = text.plist.xml; path = Info.plist; sourceTree = "<group>"; };
		01B2055D1E306E2B005F9C39 /* CoreTextTestTests.xctest */ = {isa = PBXFileReference; explicitFileType = wrapper.cfbundle; includeInIndex = 0; path = CoreTextTestTests.xctest; sourceTree = BUILT_PRODUCTS_DIR; };
		01B205611E306E2B005F9C39 /* CoreTextTestTests.m */ = {isa = PBXFileReference; lastKnownFileType = sourcecode.c.objc; path = CoreTextTestTests.m; sourceTree = "<group>"; };
		01B205631E306E2B005F9C39 /* Info.plist */ = {isa = PBXFileReference; lastKnownFileType = text.plist.xml; path = Info.plist; sourceTree = "<group>"; };
		01B205681E306E2B005F9C39 /* CoreTextTestUITests.xctest */ = {isa = PBXFileReference; explicitFileType = wrapper.cfbundle; includeInIndex = 0; path = CoreTextTestUITests.xctest; sourceTree = BUILT_PRODUCTS_DIR; };
		01B2056C1E306E2B005F9C39 /* CoreTextTestUITests.m */ = {isa = PBXFileReference; lastKnownFileType = sourcecode.c.objc; path = CoreTextTestUITests.m; sourceTree = "<group>"; };
		01B2056E1E306E2B005F9C39 /* Info.plist */ = {isa = PBXFileReference; lastKnownFileType = text.plist.xml; path = Info.plist; sourceTree = "<group>"; };
/* End PBXFileReference section */

/* Begin PBXFrameworksBuildPhase section */
		01B205411E306E2B005F9C39 /* Frameworks */ = {
			isa = PBXFrameworksBuildPhase;
			buildActionMask = 2147483647;
			files = (
			);
			runOnlyForDeploymentPostprocessing = 0;
		};
		01B2055A1E306E2B005F9C39 /* Frameworks */ = {
			isa = PBXFrameworksBuildPhase;
			buildActionMask = 2147483647;
			files = (
			);
			runOnlyForDeploymentPostprocessing = 0;
		};
		01B205651E306E2B005F9C39 /* Frameworks */ = {
			isa = PBXFrameworksBuildPhase;
			buildActionMask = 2147483647;
			files = (
			);
			runOnlyForDeploymentPostprocessing = 0;
		};
/* End PBXFrameworksBuildPhase section */

/* Begin PBXGroup section */
		01B2053B1E306E2B005F9C39 = {
			isa = PBXGroup;
			children = (
				01B205461E306E2B005F9C39 /* CoreTextTest */,
				01B205601E306E2B005F9C39 /* CoreTextTestTests */,
				01B2056B1E306E2B005F9C39 /* CoreTextTestUITests */,
				01B205451E306E2B005F9C39 /* Products */,
			);
			sourceTree = "<group>";
		};
		01B205451E306E2B005F9C39 /* Products */ = {
			isa = PBXGroup;
			children = (
				01B205441E306E2B005F9C39 /* CoreTextTest.app */,
				01B2055D1E306E2B005F9C39 /* CoreTextTestTests.xctest */,
				01B205681E306E2B005F9C39 /* CoreTextTestUITests.xctest */,
			);
			name = Products;
			sourceTree = "<group>";
		};
		01B205461E306E2B005F9C39 /* CoreTextTest */ = {
			isa = PBXGroup;
			children = (
				01B2054A1E306E2B005F9C39 /* AppDelegate.h */,
				01B2054B1E306E2B005F9C39 /* AppDelegate.m */,
				01B2054D1E306E2B005F9C39 /* ViewController.h */,
				01B2054E1E306E2B005F9C39 /* ViewController.m */,
				01B205501E306E2B005F9C39 /* Main.storyboard */,
				01B205531E306E2B005F9C39 /* Assets.xcassets */,
				01B205551E306E2B005F9C39 /* LaunchScreen.storyboard */,
				01B205581E306E2B005F9C39 /* Info.plist */,
				01B205471E306E2B005F9C39 /* Supporting Files */,
			);
			path = CoreTextTest;
			sourceTree = "<group>";
		};
		01B205471E306E2B005F9C39 /* Supporting Files */ = {
			isa = PBXGroup;
			children = (
				01B205481E306E2B005F9C39 /* main.m */,
			);
			name = "Supporting Files";
			sourceTree = "<group>";
		};
		01B205601E306E2B005F9C39 /* CoreTextTestTests */ = {
			isa = PBXGroup;
			children = (
				01B205611E306E2B005F9C39 /* CoreTextTestTests.m */,
				01B205631E306E2B005F9C39 /* Info.plist */,
			);
			path = CoreTextTestTests;
			sourceTree = "<group>";
		};
		01B2056B1E306E2B005F9C39 /* CoreTextTestUITests */ = {
			isa = PBXGroup;
			children = (
				01B2056C1E306E2B005F9C39 /* CoreTextTestUITests.m */,
				01B2056E1E306E2B005F9C39 /* Info.plist */,
			);
			path = CoreTextTestUITests;
			sourceTree = "<group>";
		};
/* End PBXGroup section */

/* Begin PBXNativeTarget section */
		01B205431E306E2B005F9C39 /* CoreTextTest */ = {
			isa = PBXNativeTarget;
			buildConfigurationList = 01B205711E306E2B005F9C39 /* Build configuration list for PBXNativeTarget "CoreTextTest" */;
			buildPhases = (
				01B205401E306E2B005F9C39 /* Sources */,
				01B205411E306E2B005F9C39 /* Frameworks */,
				01B205421E306E2B005F9C39 /* Resources */,
			);
			buildRules = (
			);
			dependencies = (
			);
			name = CoreTextTest;
			productName = CoreTextTest;
			productReference = 01B205441E306E2B005F9C39 /* CoreTextTest.app */;
			productType = "com.apple.product-type.application";
		};
		01B2055C1E306E2B005F9C39 /* CoreTextTestTests */ = {
			isa = PBXNativeTarget;
			buildConfigurationList = 01B205741E306E2B005F9C39 /* Build configuration list for PBXNativeTarget "CoreTextTestTests" */;
			buildPhases = (
				01B205591E306E2B005F9C39 /* Sources */,
				01B2055A1E306E2B005F9C39 /* Frameworks */,
				01B2055B1E306E2B005F9C39 /* Resources */,
			);
			buildRules = (
			);
			dependencies = (
				01B2055F1E306E2B005F9C39 /* PBXTargetDependency */,
			);
			name = CoreTextTestTests;
			productName = CoreTextTestTests;
			productReference = 01B2055D1E306E2B005F9C39 /* CoreTextTestTests.xctest */;
			productType = "com.apple.product-type.bundle.unit-test";
		};
		01B205671E306E2B005F9C39 /* CoreTextTestUITests */ = {
			isa = PBXNativeTarget;
			buildConfigurationList = 01B205771E306E2B005F9C39 /* Build configuration list for PBXNativeTarget "CoreTextTestUITests" */;
			buildPhases = (
				01B205641E306E2B005F9C39 /* Sources */,
				01B205651E306E2B005F9C39 /* Frameworks */,
				01B205661E306E2B005F9C39 /* Resources */,
			);
			buildRules = (
			);
			dependencies = (
				01B2056A1E306E2B005F9C39 /* PBXTargetDependency */,
			);
			name = CoreTextTestUITests;
			productName = CoreTextTestUITests;
			productReference = 01B205681E306E2B005F9C39 /* CoreTextTestUITests.xctest */;
			productType = "com.apple.product-type.bundle.ui-testing";
		};
/* End PBXNativeTarget section */

/* Begin PBXProject section */
		01B2053C1E306E2B005F9C39 /* Project object */ = {
			isa = PBXProject;
			attributes = {
				LastUpgradeCheck = 0800;
				ORGANIZATIONNAME = jiuxiaoming;
				TargetAttributes = {
					01B205431E306E2B005F9C39 = {
						CreatedOnToolsVersion = 8.0;
						ProvisioningStyle = Automatic;
					};
					01B2055C1E306E2B005F9C39 = {
						CreatedOnToolsVersion = 8.0;
						ProvisioningStyle = Automatic;
						TestTargetID = 01B205431E306E2B005F9C39;
					};
					01B205671E306E2B005F9C39 = {
						CreatedOnToolsVersion = 8.0;
						ProvisioningStyle = Automatic;
						TestTargetID = 01B205431E306E2B005F9C39;
					};
				};
			};
			buildConfigurationList = 01B2053F1E306E2B005F9C39 /* Build configuration list for PBXProject "CoreTextTest" */;
			compatibilityVersion = "Xcode 3.2";
			developmentRegion = English;
			hasScannedForEncodings = 0;
			knownRegions = (
				en,
				Base,
			);
			mainGroup = 01B2053B1E306E2B005F9C39;
			productRefGroup = 01B205451E306E2B005F9C39 /* Products */;
			projectDirPath = "";
			projectRoot = "";
			targets = (
				01B205431E306E2B005F9C39 /* CoreTextTest */,
				01B2055C1E306E2B005F9C39 /* CoreTextTestTests */,
				01B205671E306E2B005F9C39 /* CoreTextTestUITests */,
			);
		};
/* End PBXProject section */

/* Begin PBXResourcesBuildPhase section */
		01B205421E306E2B005F9C39 /* Resources */ = {
			isa = PBXResourcesBuildPhase;
			buildActionMask = 2147483647;
			files = (
				01B205571E306E2B005F9C39 /* LaunchScreen.storyboard in Resources */,
				01B205541E306E2B005F9C39 /* Assets.xcassets in Resources */,
				01B205521E306E2B005F9C39 /* Main.storyboard in Resources */,
			);
			runOnlyForDeploymentPostprocessing = 0;
		};
		01B2055B1E306E2B005F9C39 /* Resources */ = {
			isa = PBXResourcesBuildPhase;
			buildActionMask = 2147483647;
			files = (
			);
			runOnlyForDeploymentPostprocessing = 0;
		};
		01B205661E306E2B005F9C39 /* Resources */ = {
			isa = PBXResourcesBuildPhase;
			buildActionMask = 2147483647;
			files = (
			);
			runOnlyForDeploymentPostprocessing = 0;
		};
/* End PBXResourcesBuildPhase section */

/* Begin PBXSourcesBuildPhase section */
		01B205401E306E2B005F9C39 /* Sources */ = {
			isa = PBXSourcesBuildPhase;
			buildActionMask = 2147483647;
			files = (
				01B2054F1E306E2B005F9C39 /* ViewController.m in Sources */,
				01B2054C1E306E2B005F9C39 /* AppDelegate.m in Sources */,
				01B205491E306E2B005F9C39 /* main.m in Sources */,
			);
			runOnlyForDeploymentPostprocessing = 0;
		};
		01B205591E306E2B005F9C39 /* Sources */ = {
			isa = PBXSourcesBuildPhase;
			buildActionMask = 2147483647;
			files = (
				01B205621E306E2B005F9C39 /* CoreTextTestTests.m in Sources */,
			);
			runOnlyForDeploymentPostprocessing = 0;
		};
		01B205641E306E2B005F9C39 /* Sources */ = {
			isa = PBXSourcesBuildPhase;
			buildActionMask = 2147483647;
			files = (
				01B2056D1E306E2B005F9C39 /* CoreTextTestUITests.m in Sources */,
			);
			runOnlyForDeploymentPostprocessing = 0;
		};
/* End PBXSourcesBuildPhase section */

/* Begin PBXTargetDependency section */
		01B2055F1E306E2B005F9C39 /* PBXTargetDependency */ = {
			isa = PBXTargetDependency;
			target = 01B205431E306E2B005F9C39 /* CoreTextTest */;
			targetProxy = 01B2055E1E306E2B005F9C39 /* PBXContainerItemProxy */;
		};
		01B2056A1E306E2B005F9C39 /* PBXTargetDependency */ = {
			isa = PBXTargetDependency;
			target = 01B205431E306E2B005F9C39 /* CoreTextTest */;
			targetProxy = 01B205691E306E2B005F9C39 /* PBXContainerItemProxy */;
		};
/* End PBXTargetDependency section */

/* Begin PBXVariantGroup section */
		01B205501E306E2B005F9C39 /* Main.storyboard */ = {
			isa = PBXVariantGroup;
			children = (
				01B205511E306E2B005F9C39 /* Base */,
			);
			name = Main.storyboard;
			sourceTree = "<group>";
		};
		01B205551E306E2B005F9C39 /* LaunchScreen.storyboard */ = {
			isa = PBXVariantGroup;
			children = (
				01B205561E306E2B005F9C39 /* Base */,
			);
			name = LaunchScreen.storyboard;
			sourceTree = "<group>";
		};
/* End PBXVariantGroup section */

/* Begin XCBuildConfiguration section */
		01B2056F1E306E2B005F9C39 /* Debug */ = {
			isa = XCBuildConfiguration;
			buildSettings = {
				ALWAYS_SEARCH_USER_PATHS = NO;
				CLANG_ANALYZER_NONNULL = YES;
				CLANG_CXX_LANGUAGE_STANDARD = "gnu++0x";
				CLANG_CXX_LIBRARY = "libc++";
				CLANG_ENABLE_MODULES = YES;
				CLANG_ENABLE_OBJC_ARC = YES;
				CLANG_WARN_BOOL_CONVERSION = YES;
				CLANG_WARN_CONSTANT_CONVERSION = YES;
				CLANG_WARN_DIRECT_OBJC_ISA_USAGE = YES_ERROR;
				CLANG_WARN_DOCUMENTATION_COMMENTS = YES;
				CLANG_WARN_EMPTY_BODY = YES;
				CLANG_WARN_ENUM_CONVERSION = YES;
				CLANG_WARN_INFINITE_RECURSION = YES;
				CLANG_WARN_INT_CONVERSION = YES;
				CLANG_WARN_OBJC_ROOT_CLASS = YES_ERROR;
				CLANG_WARN_SUSPICIOUS_MOVES = YES;
				CLANG_WARN_UNREACHABLE_CODE = YES;
				CLANG_WARN__DUPLICATE_METHOD_MATCH = YES;
				"CODE_SIGN_IDENTITY[sdk=iphoneos*]" = "iPhone Developer";
				COPY_PHASE_STRIP = NO;
				DEBUG_INFORMATION_FORMAT = dwarf;
				ENABLE_STRICT_OBJC_MSGSEND = YES;
				ENABLE_TESTABILITY = YES;
				GCC_C_LANGUAGE_STANDARD = gnu99;
				GCC_DYNAMIC_NO_PIC = NO;
				GCC_NO_COMMON_BLOCKS = YES;
				GCC_OPTIMIZATION_LEVEL = 0;
				GCC_PREPROCESSOR_DEFINITIONS = (
					"DEBUG=1",
					"$(inherited)",
				);
				GCC_WARN_64_TO_32_BIT_CONVERSION = YES;
				GCC_WARN_ABOUT_RETURN_TYPE = YES_ERROR;
				GCC_WARN_UNDECLARED_SELECTOR = YES;
				GCC_WARN_UNINITIALIZED_AUTOS = YES_AGGRESSIVE;
				GCC_WARN_UNUSED_FUNCTION = YES;
				GCC_WARN_UNUSED_VARIABLE = YES;
				IPHONEOS_DEPLOYMENT_TARGET = 10.0;
				MTL_ENABLE_DEBUG_INFO = YES;
				ONLY_ACTIVE_ARCH = YES;
				SDKROOT = iphoneos;
			};
			name = Debug;
		};
		01B205701E306E2B005F9C39 /* Release */ = {
			isa = XCBuildConfiguration;
			buildSettings = {
				ALWAYS_SEARCH_USER_PATHS = NO;
				CLANG_ANALYZER_NONNULL = YES;
				CLANG_CXX_LANGUAGE_STANDARD = "gnu++0x";
				CLANG_CXX_LIBRARY = "libc++";
				CLANG_ENABLE_MODULES = YES;
				CLANG_ENABLE_OBJC_ARC = YES;
				CLANG_WARN_BOOL_CONVERSION = YES;
				CLANG_WARN_CONSTANT_CONVERSION = YES;
				CLANG_WARN_DIRECT_OBJC_ISA_USAGE = YES_ERROR;
				CLANG_WARN_DOCUMENTATION_COMMENTS = YES;
				CLANG_WARN_EMPTY_BODY = YES;
				CLANG_WARN_ENUM_CONVERSION = YES;
				CLANG_WARN_INFINITE_RECURSION = YES;
				CLANG_WARN_INT_CONVERSION = YES;
				CLANG_WARN_OBJC_ROOT_CLASS = YES_ERROR;
				CLANG_WARN_SUSPICIOUS_MOVES = YES;
				CLANG_WARN_UNREACHABLE_CODE = YES;
				CLANG_WARN__DUPLICATE_METHOD_MATCH = YES;
				"CODE_SIGN_IDENTITY[sdk=iphoneos*]" = "iPhone Developer";
				COPY_PHASE_STRIP = NO;
				DEBUG_INFORMATION_FORMAT = "dwarf-with-dsym";
				ENABLE_NS_ASSERTIONS = NO;
				ENABLE_STRICT_OBJC_MSGSEND = YES;
				GCC_C_LANGUAGE_STANDARD = gnu99;
				GCC_NO_COMMON_BLOCKS = YES;
				GCC_WARN_64_TO_32_BIT_CONVERSION = YES;
				GCC_WARN_ABOUT_RETURN_TYPE = YES_ERROR;
				GCC_WARN_UNDECLARED_SELECTOR = YES;
				GCC_WARN_UNINITIALIZED_AUTOS = YES_AGGRESSIVE;
				GCC_WARN_UNUSED_FUNCTION = YES;
				GCC_WARN_UNUSED_VARIABLE = YES;
				IPHONEOS_DEPLOYMENT_TARGET = 10.0;
				MTL_ENABLE_DEBUG_INFO = NO;
				SDKROOT = iphoneos;
				VALIDATE_PRODUCT = YES;
			};
			name = Release;
		};
		01B205721E306E2B005F9C39 /* Debug */ = {
			isa = XCBuildConfiguration;
			buildSettings = {
				ASSETCATALOG_COMPILER_APPICON_NAME = AppIcon;
				INFOPLIST_FILE = CoreTextTest/Info.plist;
				LD_RUNPATH_SEARCH_PATHS = "$(inherited) @executable_path/Frameworks";
				PRODUCT_BUNDLE_IDENTIFIER = "com.I-MT.CoreTextTest";
				PRODUCT_NAME = "$(TARGET_NAME)";
			};
			name = Debug;
		};
		01B205731E306E2B005F9C39 /* Release */ = {
			isa = XCBuildConfiguration;
			buildSettings = {
				ASSETCATALOG_COMPILER_APPICON_NAME = AppIcon;
				INFOPLIST_FILE = CoreTextTest/Info.plist;
				LD_RUNPATH_SEARCH_PATHS = "$(inherited) @executable_path/Frameworks";
				PRODUCT_BUNDLE_IDENTIFIER = "com.I-MT.CoreTextTest";
				PRODUCT_NAME = "$(TARGET_NAME)";
			};
			name = Release;
		};
		01B205751E306E2B005F9C39 /* Debug */ = {
			isa = XCBuildConfiguration;
			buildSettings = {
				BUNDLE_LOADER = "$(TEST_HOST)";
				INFOPLIST_FILE = CoreTextTestTests/Info.plist;
				LD_RUNPATH_SEARCH_PATHS = "$(inherited) @executable_path/Frameworks @loader_path/Frameworks";
				PRODUCT_BUNDLE_IDENTIFIER = "com.I-MT.CoreTextTestTests";
				PRODUCT_NAME = "$(TARGET_NAME)";
				TEST_HOST = "$(BUILT_PRODUCTS_DIR)/CoreTextTest.app/CoreTextTest";
			};
			name = Debug;
		};
		01B205761E306E2B005F9C39 /* Release */ = {
			isa = XCBuildConfiguration;
			buildSettings = {
				BUNDLE_LOADER = "$(TEST_HOST)";
				INFOPLIST_FILE = CoreTextTestTests/Info.plist;
				LD_RUNPATH_SEARCH_PATHS = "$(inherited) @executable_path/Frameworks @loader_path/Frameworks";
				PRODUCT_BUNDLE_IDENTIFIER = "com.I-MT.CoreTextTestTests";
				PRODUCT_NAME = "$(TARGET_NAME)";
				TEST_HOST = "$(BUILT_PRODUCTS_DIR)/CoreTextTest.app/CoreTextTest";
			};
			name = Release;
		};
		01B205781E306E2B005F9C39 /* Debug */ = {
			isa = XCBuildConfiguration;
			buildSettings = {
				INFOPLIST_FILE = CoreTextTestUITests/Info.plist;
				LD_RUNPATH_SEARCH_PATHS = "$(inherited) @executable_path/Frameworks @loader_path/Frameworks";
				PRODUCT_BUNDLE_IDENTIFIER = "com.I-MT.CoreTextTestUITests";
				PRODUCT_NAME = "$(TARGET_NAME)";
				TEST_TARGET_NAME = CoreTextTest;
			};
			name = Debug;
		};
		01B205791E306E2B005F9C39 /* Release */ = {
			isa = XCBuildConfiguration;
			buildSettings = {
				INFOPLIST_FILE = CoreTextTestUITests/Info.plist;
				LD_RUNPATH_SEARCH_PATHS = "$(inherited) @executable_path/Frameworks @loader_path/Frameworks";
				PRODUCT_BUNDLE_IDENTIFIER = "com.I-MT.CoreTextTestUITests";
				PRODUCT_NAME = "$(TARGET_NAME)";
				TEST_TARGET_NAME = CoreTextTest;
			};
			name = Release;
		};
/* End XCBuildConfiguration section */

/* Begin XCConfigurationList section */
		01B2053F1E306E2B005F9C39 /* Build configuration list for PBXProject "CoreTextTest" */ = {
			isa = XCConfigurationList;
			buildConfigurations = (
				01B2056F1E306E2B005F9C39 /* Debug */,
				01B205701E306E2B005F9C39 /* Release */,
			);
			defaultConfigurationIsVisible = 0;
			defaultConfigurationName = Release;
		};
		01B205711E306E2B005F9C39 /* Build configuration list for PBXNativeTarget "CoreTextTest" */ = {
			isa = XCConfigurationList;
			buildConfigurations = (
				01B205721E306E2B005F9C39 /* Debug */,
				01B205731E306E2B005F9C39 /* Release */,
			);
			defaultConfigurationIsVisible = 0;
		};
		01B205741E306E2B005F9C39 /* Build configuration list for PBXNativeTarget "CoreTextTestTests" */ = {
			isa = XCConfigurationList;
			buildConfigurations = (
				01B205751E306E2B005F9C39 /* Debug */,
				01B205761E306E2B005F9C39 /* Release */,
			);
			defaultConfigurationIsVisible = 0;
		};
		01B205771E306E2B005F9C39 /* Build configuration list for PBXNativeTarget "CoreTextTestUITests" */ = {
			isa = XCConfigurationList;
			buildConfigurations = (
				01B205781E306E2B005F9C39 /* Debug */,
				01B205791E306E2B005F9C39 /* Release */,
			);
			defaultConfigurationIsVisible = 0;
		};
/* End XCConfigurationList section */
	};
	rootObject = 01B2053C1E306E2B005F9C39 /* Project object */;
}
